// !$*UTF8*$!
{
	archiveVersion = 1;
	classes = {
	};
	objectVersion = 46;
	objects = {

/* Begin PBXBuildFile section */
		14F055CC19F0C9CF001BCD41 /* jaricom.c in Sources */ = {isa = PBXBuildFile; fileRef = 14F0559519F0C9CF001BCD41 /* jaricom.c */; };
		14F055CD19F0C9CF001BCD41 /* jcapimin.c in Sources */ = {isa = PBXBuildFile; fileRef = 14F0559619F0C9CF001BCD41 /* jcapimin.c */; };
		14F055CE19F0C9CF001BCD41 /* jcapistd.c in Sources */ = {isa = PBXBuildFile; fileRef = 14F0559719F0C9CF001BCD41 /* jcapistd.c */; };
		14F055CF19F0C9CF001BCD41 /* jcarith.c in Sources */ = {isa = PBXBuildFile; fileRef = 14F0559819F0C9CF001BCD41 /* jcarith.c */; };
		14F055D019F0C9CF001BCD41 /* jccoefct.c in Sources */ = {isa = PBXBuildFile; fileRef = 14F0559919F0C9CF001BCD41 /* jccoefct.c */; };
		14F055D219F0C9CF001BCD41 /* jccolor.c in Sources */ = {isa = PBXBuildFile; fileRef = 14F0559B19F0C9CF001BCD41 /* jccolor.c */; };
		14F055D319F0C9CF001BCD41 /* jcdctmgr.c in Sources */ = {isa = PBXBuildFile; fileRef = 14F0559C19F0C9CF001BCD41 /* jcdctmgr.c */; };
		14F055D419F0C9CF001BCD41 /* jchuff.c in Sources */ = {isa = PBXBuildFile; fileRef = 14F0559D19F0C9CF001BCD41 /* jchuff.c */; };
		14F055D519F0C9CF001BCD41 /* jcinit.c in Sources */ = {isa = PBXBuildFile; fileRef = 14F0559E19F0C9CF001BCD41 /* jcinit.c */; };
		14F055D619F0C9CF001BCD41 /* jcmainct.c in Sources */ = {isa = PBXBuildFile; fileRef = 14F0559F19F0C9CF001BCD41 /* jcmainct.c */; };
		14F055D719F0C9CF001BCD41 /* jcmarker.c in Sources */ = {isa = PBXBuildFile; fileRef = 14F055A019F0C9CF001BCD41 /* jcmarker.c */; };
		14F055D819F0C9CF001BCD41 /* jcmaster.c in Sources */ = {isa = PBXBuildFile; fileRef = 14F055A119F0C9CF001BCD41 /* jcmaster.c */; };
		14F055D919F0C9CF001BCD41 /* jcomapi.c in Sources */ = {isa = PBXBuildFile; fileRef = 14F055A219F0C9CF001BCD41 /* jcomapi.c */; };
		14F055DA19F0C9CF001BCD41 /* jcparam.c in Sources */ = {isa = PBXBuildFile; fileRef = 14F055A319F0C9CF001BCD41 /* jcparam.c */; };
		14F055DB19F0C9CF001BCD41 /* jcphuff.c in Sources */ = {isa = PBXBuildFile; fileRef = 14F055A419F0C9CF001BCD41 /* jcphuff.c */; };
		14F055DC19F0C9CF001BCD41 /* jcprepct.c in Sources */ = {isa = PBXBuildFile; fileRef = 14F055A519F0C9CF001BCD41 /* jcprepct.c */; };
		14F055DD19F0C9CF001BCD41 /* jcsample.c in Sources */ = {isa = PBXBuildFile; fileRef = 14F055A619F0C9CF001BCD41 /* jcsample.c */; };
		14F055DE19F0C9CF001BCD41 /* jctrans.c in Sources */ = {isa = PBXBuildFile; fileRef = 14F055A719F0C9CF001BCD41 /* jctrans.c */; };
		14F055DF19F0C9CF001BCD41 /* jdapimin.c in Sources */ = {isa = PBXBuildFile; fileRef = 14F055A819F0C9CF001BCD41 /* jdapimin.c */; };
		14F055E019F0C9CF001BCD41 /* jdapistd.c in Sources */ = {isa = PBXBuildFile; fileRef = 14F055A919F0C9CF001BCD41 /* jdapistd.c */; };
		14F055E119F0C9CF001BCD41 /* jdarith.c in Sources */ = {isa = PBXBuildFile; fileRef = 14F055AA19F0C9CF001BCD41 /* jdarith.c */; };
		14F055E219F0C9CF001BCD41 /* jdatadst.c in Sources */ = {isa = PBXBuildFile; fileRef = 14F055AB19F0C9CF001BCD41 /* jdatadst.c */; };
		14F055E319F0C9CF001BCD41 /* jdatasrc.c in Sources */ = {isa = PBXBuildFile; fileRef = 14F055AC19F0C9CF001BCD41 /* jdatasrc.c */; };
		14F055E419F0C9CF001BCD41 /* jdcoefct.c in Sources */ = {isa = PBXBuildFile; fileRef = 14F055AD19F0C9CF001BCD41 /* jdcoefct.c */; };
		14F055E719F0C9CF001BCD41 /* jdcolor.c in Sources */ = {isa = PBXBuildFile; fileRef = 14F055B019F0C9CF001BCD41 /* jdcolor.c */; };
		14F055E819F0C9CF001BCD41 /* jddctmgr.c in Sources */ = {isa = PBXBuildFile; fileRef = 14F055B119F0C9CF001BCD41 /* jddctmgr.c */; };
		14F055E919F0C9CF001BCD41 /* jdhuff.c in Sources */ = {isa = PBXBuildFile; fileRef = 14F055B219F0C9CF001BCD41 /* jdhuff.c */; };
		14F055EA19F0C9CF001BCD41 /* jdinput.c in Sources */ = {isa = PBXBuildFile; fileRef = 14F055B319F0C9CF001BCD41 /* jdinput.c */; };
		14F055EB19F0C9CF001BCD41 /* jdmainct.c in Sources */ = {isa = PBXBuildFile; fileRef = 14F055B419F0C9CF001BCD41 /* jdmainct.c */; };
		14F055EC19F0C9CF001BCD41 /* jdmarker.c in Sources */ = {isa = PBXBuildFile; fileRef = 14F055B519F0C9CF001BCD41 /* jdmarker.c */; };
		14F055ED19F0C9CF001BCD41 /* jdmaster.c in Sources */ = {isa = PBXBuildFile; fileRef = 14F055B619F0C9CF001BCD41 /* jdmaster.c */; };
		14F055EE19F0C9CF001BCD41 /* jdmerge.c in Sources */ = {isa = PBXBuildFile; fileRef = 14F055B719F0C9CF001BCD41 /* jdmerge.c */; };
		14F055F119F0C9CF001BCD41 /* jdphuff.c in Sources */ = {isa = PBXBuildFile; fileRef = 14F055BA19F0C9CF001BCD41 /* jdphuff.c */; };
		14F055F219F0C9CF001BCD41 /* jdpostct.c in Sources */ = {isa = PBXBuildFile; fileRef = 14F055BB19F0C9CF001BCD41 /* jdpostct.c */; };
		14F055F319F0C9CF001BCD41 /* jdsample.c in Sources */ = {isa = PBXBuildFile; fileRef = 14F055BC19F0C9CF001BCD41 /* jdsample.c */; };
		14F055F419F0C9CF001BCD41 /* jdtrans.c in Sources */ = {isa = PBXBuildFile; fileRef = 14F055BD19F0C9CF001BCD41 /* jdtrans.c */; };
		14F055F519F0C9CF001BCD41 /* jerror.c in Sources */ = {isa = PBXBuildFile; fileRef = 14F055BE19F0C9CF001BCD41 /* jerror.c */; };
		14F055F619F0C9CF001BCD41 /* jfdctflt.c in Sources */ = {isa = PBXBuildFile; fileRef = 14F055BF19F0C9CF001BCD41 /* jfdctflt.c */; };
		14F055F719F0C9CF001BCD41 /* jfdctfst.c in Sources */ = {isa = PBXBuildFile; fileRef = 14F055C019F0C9CF001BCD41 /* jfdctfst.c */; };
		14F055F819F0C9CF001BCD41 /* jfdctint.c in Sources */ = {isa = PBXBuildFile; fileRef = 14F055C119F0C9CF001BCD41 /* jfdctint.c */; };
		14F055F919F0C9CF001BCD41 /* jidctflt.c in Sources */ = {isa = PBXBuildFile; fileRef = 14F055C219F0C9CF001BCD41 /* jidctflt.c */; };
		14F055FA19F0C9CF001BCD41 /* jidctfst.c in Sources */ = {isa = PBXBuildFile; fileRef = 14F055C319F0C9CF001BCD41 /* jidctfst.c */; };
		14F055FB19F0C9CF001BCD41 /* jidctint.c in Sources */ = {isa = PBXBuildFile; fileRef = 14F055C419F0C9CF001BCD41 /* jidctint.c */; };
		14F055FC19F0C9CF001BCD41 /* jidctred.c in Sources */ = {isa = PBXBuildFile; fileRef = 14F055C519F0C9CF001BCD41 /* jidctred.c */; };
		14F055FD19F0C9CF001BCD41 /* jmemmgr.c in Sources */ = {isa = PBXBuildFile; fileRef = 14F055C619F0C9CF001BCD41 /* jmemmgr.c */; };
		14F055FE19F0C9CF001BCD41 /* jmemnobs.c in Sources */ = {isa = PBXBuildFile; fileRef = 14F055C719F0C9CF001BCD41 /* jmemnobs.c */; };
		14F055FF19F0C9CF001BCD41 /* jquant1.c in Sources */ = {isa = PBXBuildFile; fileRef = 14F055C819F0C9CF001BCD41 /* jquant1.c */; };
		14F0560019F0C9CF001BCD41 /* jquant2.c in Sources */ = {isa = PBXBuildFile; fileRef = 14F055C919F0C9CF001BCD41 /* jquant2.c */; };
		14F0560219F0C9CF001BCD41 /* jutils.c in Sources */ = {isa = PBXBuildFile; fileRef = 14F055CB19F0C9CF001BCD41 /* jutils.c */; };
		14F0561F19F0CC92001BCD41 /* jdatadst-tj.c in Sources */ = {isa = PBXBuildFile; fileRef = 14F0561419F0CC92001BCD41 /* jdatadst-tj.c */; };
		14F0562019F0CC92001BCD41 /* jdatasrc-tj.c in Sources */ = {isa = PBXBuildFile; fileRef = 14F0561519F0CC92001BCD41 /* jdatasrc-tj.c */; };
		14F0562219F0CC92001BCD41 /* transupp.c in Sources */ = {isa = PBXBuildFile; fileRef = 14F0561B19F0CC92001BCD41 /* transupp.c */; };
		14F0562319F0CC92001BCD41 /* turbojpeg.c in Sources */ = {isa = PBXBuildFile; fileRef = 14F0561D19F0CC92001BCD41 /* turbojpeg.c */; };
		14F0572319F0D81A001BCD41 /* jsimd_arm_neon.S in Sources */ = {isa = PBXBuildFile; fileRef = 14F0572219F0D81A001BCD41 /* jsimd_arm_neon.S */; };
		14F0572519F0D9FF001BCD41 /* jsimd_arm.c in Sources */ = {isa = PBXBuildFile; fileRef = 14F0572419F0D9FF001BCD41 /* jsimd_arm.c */; };
		427BF6D51645D0BB00BC3809 /* libsimd-arm.a in Frameworks */ = {isa = PBXBuildFile; fileRef = 427BF6B11645C08600BC3809 /* libsimd-arm.a */; };
		427BF7501645DD3300BC3809 /* libjpeg.a in Frameworks */ = {isa = PBXBuildFile; fileRef = 427BF63C1645BD8C00BC3809 /* libjpeg.a */; };
/* End PBXBuildFile section */

/* Begin PBXBuildRule section */
		427BF7581645E0BF00BC3809 /* PBXBuildRule */ = {
			isa = PBXBuildRule;
			compilerSpec = com.apple.compilers.proxy.script;
			filePatterns = "*.S";
			fileType = pattern.proxy;
			isEditable = 1;
			outputFiles = (
				"$(OBJECT_FILE_DIR_normal)/$(CURRENT_ARCH)/$(INPUT_FILE_BASE).o",
			);
			script = "\ncd \"$INPUT_FILE_DIR\"\n\nfor DIR in $HEADER_SEARCH_PATHS ; do\nINCLUDES=\"$INCLUDES -I$(echo \"$DIR\"|sed -e 's/ /\\\\ /g;')\"\ndone\n\nfor DEFINE in $GCC_PREPROCESSOR_DEFINITIONS ; do\nDEFINES=\"$DEFINES -D$DEFINE\"\ndone;\n\nchmod a+x $SRCROOT/scripts/gas-preprocessor.pl\n\n\"$SRCROOT/scripts/gas-preprocessor.pl\" xcrun clang -x assembler-with-cpp -arch $CURRENT_ARCH -fmessage-length=0 -pipe -fpascal-strings -O$GCC_OPTIMIZATION_LEVEL  $DEFINES -isysroot \"$SDKROOT\" -gdwarf-2 -mthumb -miphoneos-version-min=$IPHONEOS_DEPLOYMENT_TARGET -iquote ./simd-arm-generated-files.hmap -no-integrated-as  -I./simd-arm-own-target-headers.hmap -I./simd-arm-all-target-headers.hmap -iquote ./simd-arm-project-headers.hmap $INCLUDES -I./DerivedSources/armv7 -I./DerivedSources -F.. -c \"$INPUT_FILE_NAME\" -o \"$OBJECT_FILE_DIR_normal/$CURRENT_ARCH/$INPUT_FILE_BASE.o\"\n\n";
		};
/* End PBXBuildRule section */

/* Begin PBXContainerItemProxy section */
		427BF68D1645BF3600BC3809 /* PBXContainerItemProxy */ = {
			isa = PBXContainerItemProxy;
			containerPortal = 427BF5DF1645B6F400BC3809 /* Project object */;
			proxyType = 1;
			remoteGlobalIDString = 427BF63B1645BD8C00BC3809;
			remoteInfo = libjpeg;
		};
		427BF6D31645D0B400BC3809 /* PBXContainerItemProxy */ = {
			isa = PBXContainerItemProxy;
			containerPortal = 427BF5DF1645B6F400BC3809 /* Project object */;
			proxyType = 1;
			remoteGlobalIDString = 427BF6B01645C08600BC3809;
			remoteInfo = "simd-arm";
		};
/* End PBXContainerItemProxy section */

/* Begin PBXFileReference section */
		14F0559519F0C9CF001BCD41 /* jaricom.c */ = {isa = PBXFileReference; fileEncoding = 4; lastKnownFileType = sourcecode.c.c; name = jaricom.c; path = libjpeg/jaricom.c; sourceTree = "<group>"; };
		14F0559619F0C9CF001BCD41 /* jcapimin.c */ = {isa = PBXFileReference; fileEncoding = 4; lastKnownFileType = sourcecode.c.c; name = jcapimin.c; path = libjpeg/jcapimin.c; sourceTree = "<group>"; };
		14F0559719F0C9CF001BCD41 /* jcapistd.c */ = {isa = PBXFileReference; fileEncoding = 4; lastKnownFileType = sourcecode.c.c; name = jcapistd.c; path = libjpeg/jcapistd.c; sourceTree = "<group>"; };
		14F0559819F0C9CF001BCD41 /* jcarith.c */ = {isa = PBXFileReference; fileEncoding = 4; lastKnownFileType = sourcecode.c.c; name = jcarith.c; path = libjpeg/jcarith.c; sourceTree = "<group>"; };
		14F0559919F0C9CF001BCD41 /* jccoefct.c */ = {isa = PBXFileReference; fileEncoding = 4; lastKnownFileType = sourcecode.c.c; name = jccoefct.c; path = libjpeg/jccoefct.c; sourceTree = "<group>"; };
		14F0559B19F0C9CF001BCD41 /* jccolor.c */ = {isa = PBXFileReference; fileEncoding = 4; lastKnownFileType = sourcecode.c.c; name = jccolor.c; path = libjpeg/jccolor.c; sourceTree = "<group>"; };
		14F0559C19F0C9CF001BCD41 /* jcdctmgr.c */ = {isa = PBXFileReference; fileEncoding = 4; lastKnownFileType = sourcecode.c.c; name = jcdctmgr.c; path = libjpeg/jcdctmgr.c; sourceTree = "<group>"; };
		14F0559D19F0C9CF001BCD41 /* jchuff.c */ = {isa = PBXFileReference; fileEncoding = 4; lastKnownFileType = sourcecode.c.c; name = jchuff.c; path = libjpeg/jchuff.c; sourceTree = "<group>"; };
		14F0559E19F0C9CF001BCD41 /* jcinit.c */ = {isa = PBXFileReference; fileEncoding = 4; lastKnownFileType = sourcecode.c.c; name = jcinit.c; path = libjpeg/jcinit.c; sourceTree = "<group>"; };
		14F0559F19F0C9CF001BCD41 /* jcmainct.c */ = {isa = PBXFileReference; fileEncoding = 4; lastKnownFileType = sourcecode.c.c; name = jcmainct.c; path = libjpeg/jcmainct.c; sourceTree = "<group>"; };
		14F055A019F0C9CF001BCD41 /* jcmarker.c */ = {isa = PBXFileReference; fileEncoding = 4; lastKnownFileType = sourcecode.c.c; name = jcmarker.c; path = libjpeg/jcmarker.c; sourceTree = "<group>"; };
		14F055A119F0C9CF001BCD41 /* jcmaster.c */ = {isa = PBXFileReference; fileEncoding = 4; lastKnownFileType = sourcecode.c.c; name = jcmaster.c; path = libjpeg/jcmaster.c; sourceTree = "<group>"; };
		14F055A219F0C9CF001BCD41 /* jcomapi.c */ = {isa = PBXFileReference; fileEncoding = 4; lastKnownFileType = sourcecode.c.c; name = jcomapi.c; path = libjpeg/jcomapi.c; sourceTree = "<group>"; };
		14F055A319F0C9CF001BCD41 /* jcparam.c */ = {isa = PBXFileReference; fileEncoding = 4; lastKnownFileType = sourcecode.c.c; name = jcparam.c; path = libjpeg/jcparam.c; sourceTree = "<group>"; };
		14F055A419F0C9CF001BCD41 /* jcphuff.c */ = {isa = PBXFileReference; fileEncoding = 4; lastKnownFileType = sourcecode.c.c; name = jcphuff.c; path = libjpeg/jcphuff.c; sourceTree = "<group>"; };
		14F055A519F0C9CF001BCD41 /* jcprepct.c */ = {isa = PBXFileReference; fileEncoding = 4; lastKnownFileType = sourcecode.c.c; name = jcprepct.c; path = libjpeg/jcprepct.c; sourceTree = "<group>"; };
		14F055A619F0C9CF001BCD41 /* jcsample.c */ = {isa = PBXFileReference; fileEncoding = 4; lastKnownFileType = sourcecode.c.c; name = jcsample.c; path = libjpeg/jcsample.c; sourceTree = "<group>"; };
		14F055A719F0C9CF001BCD41 /* jctrans.c */ = {isa = PBXFileReference; fileEncoding = 4; lastKnownFileType = sourcecode.c.c; name = jctrans.c; path = libjpeg/jctrans.c; sourceTree = "<group>"; };
		14F055A819F0C9CF001BCD41 /* jdapimin.c */ = {isa = PBXFileReference; fileEncoding = 4; lastKnownFileType = sourcecode.c.c; name = jdapimin.c; path = libjpeg/jdapimin.c; sourceTree = "<group>"; };
		14F055A919F0C9CF001BCD41 /* jdapistd.c */ = {isa = PBXFileReference; fileEncoding = 4; lastKnownFileType = sourcecode.c.c; name = jdapistd.c; path = libjpeg/jdapistd.c; sourceTree = "<group>"; };
		14F055AA19F0C9CF001BCD41 /* jdarith.c */ = {isa = PBXFileReference; fileEncoding = 4; lastKnownFileType = sourcecode.c.c; name = jdarith.c; path = libjpeg/jdarith.c; sourceTree = "<group>"; };
		14F055AB19F0C9CF001BCD41 /* jdatadst.c */ = {isa = PBXFileReference; fileEncoding = 4; lastKnownFileType = sourcecode.c.c; name = jdatadst.c; path = libjpeg/jdatadst.c; sourceTree = "<group>"; };
		14F055AC19F0C9CF001BCD41 /* jdatasrc.c */ = {isa = PBXFileReference; fileEncoding = 4; lastKnownFileType = sourcecode.c.c; name = jdatasrc.c; path = libjpeg/jdatasrc.c; sourceTree = "<group>"; };
		14F055AD19F0C9CF001BCD41 /* jdcoefct.c */ = {isa = PBXFileReference; fileEncoding = 4; lastKnownFileType = sourcecode.c.c; name = jdcoefct.c; path = libjpeg/jdcoefct.c; sourceTree = "<group>"; };
		14F055B019F0C9CF001BCD41 /* jdcolor.c */ = {isa = PBXFileReference; fileEncoding = 4; lastKnownFileType = sourcecode.c.c; name = jdcolor.c; path = libjpeg/jdcolor.c; sourceTree = "<group>"; };
		14F055B119F0C9CF001BCD41 /* jddctmgr.c */ = {isa = PBXFileReference; fileEncoding = 4; lastKnownFileType = sourcecode.c.c; name = jddctmgr.c; path = libjpeg/jddctmgr.c; sourceTree = "<group>"; };
		14F055B219F0C9CF001BCD41 /* jdhuff.c */ = {isa = PBXFileReference; fileEncoding = 4; lastKnownFileType = sourcecode.c.c; name = jdhuff.c; path = libjpeg/jdhuff.c; sourceTree = "<group>"; };
		14F055B319F0C9CF001BCD41 /* jdinput.c */ = {isa = PBXFileReference; fileEncoding = 4; lastKnownFileType = sourcecode.c.c; name = jdinput.c; path = libjpeg/jdinput.c; sourceTree = "<group>"; };
		14F055B419F0C9CF001BCD41 /* jdmainct.c */ = {isa = PBXFileReference; fileEncoding = 4; lastKnownFileType = sourcecode.c.c; name = jdmainct.c; path = libjpeg/jdmainct.c; sourceTree = "<group>"; };
		14F055B519F0C9CF001BCD41 /* jdmarker.c */ = {isa = PBXFileReference; fileEncoding = 4; lastKnownFileType = sourcecode.c.c; name = jdmarker.c; path = libjpeg/jdmarker.c; sourceTree = "<group>"; };
		14F055B619F0C9CF001BCD41 /* jdmaster.c */ = {isa = PBXFileReference; fileEncoding = 4; lastKnownFileType = sourcecode.c.c; name = jdmaster.c; path = libjpeg/jdmaster.c; sourceTree = "<group>"; };
		14F055B719F0C9CF001BCD41 /* jdmerge.c */ = {isa = PBXFileReference; fileEncoding = 4; lastKnownFileType = sourcecode.c.c; name = jdmerge.c; path = libjpeg/jdmerge.c; sourceTree = "<group>"; };
		14F055BA19F0C9CF001BCD41 /* jdphuff.c */ = {isa = PBXFileReference; fileEncoding = 4; lastKnownFileType = sourcecode.c.c; name = jdphuff.c; path = libjpeg/jdphuff.c; sourceTree = "<group>"; };
		14F055BB19F0C9CF001BCD41 /* jdpostct.c */ = {isa = PBXFileReference; fileEncoding = 4; lastKnownFileType = sourcecode.c.c; name = jdpostct.c; path = libjpeg/jdpostct.c; sourceTree = "<group>"; };
		14F055BC19F0C9CF001BCD41 /* jdsample.c */ = {isa = PBXFileReference; fileEncoding = 4; lastKnownFileType = sourcecode.c.c; name = jdsample.c; path = libjpeg/jdsample.c; sourceTree = "<group>"; };
		14F055BD19F0C9CF001BCD41 /* jdtrans.c */ = {isa = PBXFileReference; fileEncoding = 4; lastKnownFileType = sourcecode.c.c; name = jdtrans.c; path = libjpeg/jdtrans.c; sourceTree = "<group>"; };
		14F055BE19F0C9CF001BCD41 /* jerror.c */ = {isa = PBXFileReference; fileEncoding = 4; lastKnownFileType = sourcecode.c.c; name = jerror.c; path = libjpeg/jerror.c; sourceTree = "<group>"; };
		14F055BF19F0C9CF001BCD41 /* jfdctflt.c */ = {isa = PBXFileReference; fileEncoding = 4; lastKnownFileType = sourcecode.c.c; name = jfdctflt.c; path = libjpeg/jfdctflt.c; sourceTree = "<group>"; };
		14F055C019F0C9CF001BCD41 /* jfdctfst.c */ = {isa = PBXFileReference; fileEncoding = 4; lastKnownFileType = sourcecode.c.c; name = jfdctfst.c; path = libjpeg/jfdctfst.c; sourceTree = "<group>"; };
		14F055C119F0C9CF001BCD41 /* jfdctint.c */ = {isa = PBXFileReference; fileEncoding = 4; lastKnownFileType = sourcecode.c.c; name = jfdctint.c; path = libjpeg/jfdctint.c; sourceTree = "<group>"; };
		14F055C219F0C9CF001BCD41 /* jidctflt.c */ = {isa = PBXFileReference; fileEncoding = 4; lastKnownFileType = sourcecode.c.c; name = jidctflt.c; path = libjpeg/jidctflt.c; sourceTree = "<group>"; };
		14F055C319F0C9CF001BCD41 /* jidctfst.c */ = {isa = PBXFileReference; fileEncoding = 4; lastKnownFileType = sourcecode.c.c; name = jidctfst.c; path = libjpeg/jidctfst.c; sourceTree = "<group>"; };
		14F055C419F0C9CF001BCD41 /* jidctint.c */ = {isa = PBXFileReference; fileEncoding = 4; lastKnownFileType = sourcecode.c.c; name = jidctint.c; path = libjpeg/jidctint.c; sourceTree = "<group>"; };
		14F055C519F0C9CF001BCD41 /* jidctred.c */ = {isa = PBXFileReference; fileEncoding = 4; lastKnownFileType = sourcecode.c.c; name = jidctred.c; path = libjpeg/jidctred.c; sourceTree = "<group>"; };
		14F055C619F0C9CF001BCD41 /* jmemmgr.c */ = {isa = PBXFileReference; fileEncoding = 4; lastKnownFileType = sourcecode.c.c; name = jmemmgr.c; path = libjpeg/jmemmgr.c; sourceTree = "<group>"; };
		14F055C719F0C9CF001BCD41 /* jmemnobs.c */ = {isa = PBXFileReference; fileEncoding = 4; lastKnownFileType = sourcecode.c.c; name = jmemnobs.c; path = libjpeg/jmemnobs.c; sourceTree = "<group>"; };
		14F055C819F0C9CF001BCD41 /* jquant1.c */ = {isa = PBXFileReference; fileEncoding = 4; lastKnownFileType = sourcecode.c.c; name = jquant1.c; path = libjpeg/jquant1.c; sourceTree = "<group>"; };
		14F055C919F0C9CF001BCD41 /* jquant2.c */ = {isa = PBXFileReference; fileEncoding = 4; lastKnownFileType = sourcecode.c.c; name = jquant2.c; path = libjpeg/jquant2.c; sourceTree = "<group>"; };
		14F055CB19F0C9CF001BCD41 /* jutils.c */ = {isa = PBXFileReference; fileEncoding = 4; lastKnownFileType = sourcecode.c.c; name = jutils.c; path = libjpeg/jutils.c; sourceTree = "<group>"; };
		14F0560319F0C9F4001BCD41 /* config.h */ = {isa = PBXFileReference; fileEncoding = 4; lastKnownFileType = sourcecode.c.h; name = config.h; path = libjpeg/config.h; sourceTree = "<group>"; };
		14F0560419F0C9F4001BCD41 /* jchuff.h */ = {isa = PBXFileReference; fileEncoding = 4; lastKnownFileType = sourcecode.c.h; name = jchuff.h; path = libjpeg/jchuff.h; sourceTree = "<group>"; };
		14F0560519F0C9F4001BCD41 /* jconfig.h */ = {isa = PBXFileReference; fileEncoding = 4; lastKnownFileType = sourcecode.c.h; name = jconfig.h; path = libjpeg/jconfig.h; sourceTree = "<group>"; };
		14F0560619F0C9F4001BCD41 /* jconfigint.h */ = {isa = PBXFileReference; fileEncoding = 4; lastKnownFileType = sourcecode.c.h; name = jconfigint.h; path = libjpeg/jconfigint.h; sourceTree = "<group>"; };
		14F0560719F0C9F4001BCD41 /* jdct.h */ = {isa = PBXFileReference; fileEncoding = 4; lastKnownFileType = sourcecode.c.h; name = jdct.h; path = libjpeg/jdct.h; sourceTree = "<group>"; };
		14F0560819F0C9F4001BCD41 /* jdhuff.h */ = {isa = PBXFileReference; fileEncoding = 4; lastKnownFileType = sourcecode.c.h; name = jdhuff.h; path = libjpeg/jdhuff.h; sourceTree = "<group>"; };
		14F0560919F0C9F4001BCD41 /* jerror.h */ = {isa = PBXFileReference; fileEncoding = 4; lastKnownFileType = sourcecode.c.h; name = jerror.h; path = libjpeg/jerror.h; sourceTree = "<group>"; };
		14F0560A19F0C9F4001BCD41 /* jinclude.h */ = {isa = PBXFileReference; fileEncoding = 4; lastKnownFileType = sourcecode.c.h; name = jinclude.h; path = libjpeg/jinclude.h; sourceTree = "<group>"; };
		14F0560B19F0C9F4001BCD41 /* jmemsys.h */ = {isa = PBXFileReference; fileEncoding = 4; lastKnownFileType = sourcecode.c.h; name = jmemsys.h; path = libjpeg/jmemsys.h; sourceTree = "<group>"; };
		14F0560C19F0C9F4001BCD41 /* jmorecfg.h */ = {isa = PBXFileReference; fileEncoding = 4; lastKnownFileType = sourcecode.c.h; name = jmorecfg.h; path = libjpeg/jmorecfg.h; sourceTree = "<group>"; };
		14F0560D19F0C9F4001BCD41 /* jpeg_nbits_table.h */ = {isa = PBXFileReference; fileEncoding = 4; lastKnownFileType = sourcecode.c.h; name = jpeg_nbits_table.h; path = libjpeg/jpeg_nbits_table.h; sourceTree = "<group>"; };
		14F0560E19F0C9F4001BCD41 /* jpegcomp.h */ = {isa = PBXFileReference; fileEncoding = 4; lastKnownFileType = sourcecode.c.h; name = jpegcomp.h; path = libjpeg/jpegcomp.h; sourceTree = "<group>"; };
		14F0560F19F0C9F4001BCD41 /* jpegint.h */ = {isa = PBXFileReference; fileEncoding = 4; lastKnownFileType = sourcecode.c.h; name = jpegint.h; path = libjpeg/jpegint.h; sourceTree = "<group>"; };
		14F0561019F0C9F4001BCD41 /* jpeglib.h */ = {isa = PBXFileReference; fileEncoding = 4; lastKnownFileType = sourcecode.c.h; name = jpeglib.h; path = libjpeg/jpeglib.h; sourceTree = "<group>"; };
		14F0561119F0C9F4001BCD41 /* jsimd.h */ = {isa = PBXFileReference; fileEncoding = 4; lastKnownFileType = sourcecode.c.h; name = jsimd.h; path = libjpeg/jsimd.h; sourceTree = "<group>"; };
		14F0561219F0C9F4001BCD41 /* jsimddct.h */ = {isa = PBXFileReference; fileEncoding = 4; lastKnownFileType = sourcecode.c.h; name = jsimddct.h; path = libjpeg/jsimddct.h; sourceTree = "<group>"; };
		14F0561319F0C9F4001BCD41 /* jversion.h */ = {isa = PBXFileReference; fileEncoding = 4; lastKnownFileType = sourcecode.c.h; name = jversion.h; path = libjpeg/jversion.h; sourceTree = "<group>"; };
		14F0561419F0CC92001BCD41 /* jdatadst-tj.c */ = {isa = PBXFileReference; fileEncoding = 4; lastKnownFileType = sourcecode.c.c; name = "jdatadst-tj.c"; path = "libturbojpeg/jdatadst-tj.c"; sourceTree = "<group>"; };
		14F0561519F0CC92001BCD41 /* jdatasrc-tj.c */ = {isa = PBXFileReference; fileEncoding = 4; lastKnownFileType = sourcecode.c.c; name = "jdatasrc-tj.c"; path = "libturbojpeg/jdatasrc-tj.c"; sourceTree = "<group>"; };
		14F0561A19F0CC92001BCD41 /* tjutil.h */ = {isa = PBXFileReference; fileEncoding = 4; lastKnownFileType = sourcecode.c.h; name = tjutil.h; path = libturbojpeg/tjutil.h; sourceTree = "<group>"; };
		14F0561B19F0CC92001BCD41 /* transupp.c */ = {isa = PBXFileReference; fileEncoding = 4; lastKnownFileType = sourcecode.c.c; name = transupp.c; path = libturbojpeg/transupp.c; sourceTree = "<group>"; };
		14F0561C19F0CC92001BCD41 /* transupp.h */ = {isa = PBXFileReference; fileEncoding = 4; lastKnownFileType = sourcecode.c.h; name = transupp.h; path = libturbojpeg/transupp.h; sourceTree = "<group>"; };
		14F0561D19F0CC92001BCD41 /* turbojpeg.c */ = {isa = PBXFileReference; fileEncoding = 4; lastKnownFileType = sourcecode.c.c; name = turbojpeg.c; path = libturbojpeg/turbojpeg.c; sourceTree = "<group>"; };
		14F0561E19F0CC92001BCD41 /* turbojpeg.h */ = {isa = PBXFileReference; fileEncoding = 4; lastKnownFileType = sourcecode.c.h; name = turbojpeg.h; path = libturbojpeg/turbojpeg.h; sourceTree = "<group>"; };
		14F0572219F0D81A001BCD41 /* jsimd_arm_neon.S */ = {isa = PBXFileReference; fileEncoding = 4; lastKnownFileType = sourcecode.asm; name = jsimd_arm_neon.S; path = "libturbojpeg/simd-arm/jsimd_arm_neon.S"; sourceTree = "<group>"; };
		14F0572419F0D9FF001BCD41 /* jsimd_arm.c */ = {isa = PBXFileReference; fileEncoding = 4; lastKnownFileType = sourcecode.c.c; name = jsimd_arm.c; path = "libturbojpeg/simd-arm/jsimd_arm.c"; sourceTree = "<group>"; };
		14F0572D19F0F141001BCD41 /* jsimd.h */ = {isa = PBXFileReference; fileEncoding = 4; lastKnownFileType = sourcecode.c.h; name = jsimd.h; path = libturbojpeg/jsimd.h; sourceTree = "<group>"; };
		14F0572E19F0F141001BCD41 /* jsimddct.h */ = {isa = PBXFileReference; fileEncoding = 4; lastKnownFileType = sourcecode.c.h; name = jsimddct.h; path = libturbojpeg/jsimddct.h; sourceTree = "<group>"; };
		427BF63C1645BD8C00BC3809 /* libjpeg.a */ = {isa = PBXFileReference; explicitFileType = archive.ar; includeInIndex = 0; path = libjpeg.a; sourceTree = BUILT_PRODUCTS_DIR; };
		427BF6811645BF1200BC3809 /* libturbojpeg.a */ = {isa = PBXFileReference; explicitFileType = archive.ar; includeInIndex = 0; path = libturbojpeg.a; sourceTree = BUILT_PRODUCTS_DIR; };
		427BF6931645BF4800BC3809 /* transupp.h */ = {isa = PBXFileReference; fileEncoding = 4; lastKnownFileType = sourcecode.c.h; name = transupp.h; path = libturbojpeg/transupp.h; sourceTree = "<group>"; };
		427BF6951645BF4800BC3809 /* turbojpeg.h */ = {isa = PBXFileReference; fileEncoding = 4; lastKnownFileType = sourcecode.c.h; name = turbojpeg.h; path = libturbojpeg/turbojpeg.h; sourceTree = "<group>"; };
		427BF69B1645BF7A00BC3809 /* jinclude.h */ = {isa = PBXFileReference; fileEncoding = 4; lastKnownFileType = sourcecode.c.h; name = jinclude.h; path = libturbojpeg/jinclude.h; sourceTree = "<group>"; };
		427BF69C1645BFE000BC3809 /* tjutil.h */ = {isa = PBXFileReference; fileEncoding = 4; lastKnownFileType = sourcecode.c.h; name = tjutil.h; path = libturbojpeg/tjutil.h; sourceTree = "<group>"; };
		427BF6B11645C08600BC3809 /* libsimd-arm.a */ = {isa = PBXFileReference; explicitFileType = archive.ar; includeInIndex = 0; path = "libsimd-arm.a"; sourceTree = BUILT_PRODUCTS_DIR; };
/* End PBXFileReference section */

/* Begin PBXFrameworksBuildPhase section */
		427BF67E1645BF1200BC3809 /* Frameworks */ = {
			isa = PBXFrameworksBuildPhase;
			buildActionMask = 2147483647;
			files = (
				427BF7501645DD3300BC3809 /* libjpeg.a in Frameworks */,
				427BF6D51645D0BB00BC3809 /* libsimd-arm.a in Frameworks */,
			);
			runOnlyForDeploymentPostprocessing = 0;
		};
/* End PBXFrameworksBuildPhase section */

/* Begin PBXGroup section */
		427BF5DD1645B6F400BC3809 = {
			isa = PBXGroup;
			children = (
				427BF5FA1645BD0B00BC3809 /* libturbojpeg */,
				427BF5E91645B6F400BC3809 /* Products */,
			);
			sourceTree = "<group>";
		};
		427BF5E91645B6F400BC3809 /* Products */ = {
			isa = PBXGroup;
			children = (
				427BF63C1645BD8C00BC3809 /* libjpeg.a */,
				427BF6811645BF1200BC3809 /* libturbojpeg.a */,
				427BF6B11645C08600BC3809 /* libsimd-arm.a */,
			);
			name = Products;
			sourceTree = "<group>";
		};
		427BF5F91645BD0000BC3809 /* libjpeg */ = {
			isa = PBXGroup;
			children = (
				14F0559519F0C9CF001BCD41 /* jaricom.c */,
				14F0559619F0C9CF001BCD41 /* jcapimin.c */,
				14F0559719F0C9CF001BCD41 /* jcapistd.c */,
				14F0559819F0C9CF001BCD41 /* jcarith.c */,
				14F0559919F0C9CF001BCD41 /* jccoefct.c */,
				14F0559B19F0C9CF001BCD41 /* jccolor.c */,
				14F0559C19F0C9CF001BCD41 /* jcdctmgr.c */,
				14F0559D19F0C9CF001BCD41 /* jchuff.c */,
				14F0559E19F0C9CF001BCD41 /* jcinit.c */,
				14F0559F19F0C9CF001BCD41 /* jcmainct.c */,
				14F055A019F0C9CF001BCD41 /* jcmarker.c */,
				14F055A119F0C9CF001BCD41 /* jcmaster.c */,
				14F055A219F0C9CF001BCD41 /* jcomapi.c */,
				14F055A319F0C9CF001BCD41 /* jcparam.c */,
				14F055A419F0C9CF001BCD41 /* jcphuff.c */,
				14F055A519F0C9CF001BCD41 /* jcprepct.c */,
				14F055A619F0C9CF001BCD41 /* jcsample.c */,
				14F055A719F0C9CF001BCD41 /* jctrans.c */,
				14F055A819F0C9CF001BCD41 /* jdapimin.c */,
				14F055A919F0C9CF001BCD41 /* jdapistd.c */,
				14F055AA19F0C9CF001BCD41 /* jdarith.c */,
				14F055AB19F0C9CF001BCD41 /* jdatadst.c */,
				14F055AC19F0C9CF001BCD41 /* jdatasrc.c */,
				14F055AD19F0C9CF001BCD41 /* jdcoefct.c */,
				14F055B019F0C9CF001BCD41 /* jdcolor.c */,
				14F055B119F0C9CF001BCD41 /* jddctmgr.c */,
				14F055B219F0C9CF001BCD41 /* jdhuff.c */,
				14F055B319F0C9CF001BCD41 /* jdinput.c */,
				14F055B419F0C9CF001BCD41 /* jdmainct.c */,
				14F055B519F0C9CF001BCD41 /* jdmarker.c */,
				14F055B619F0C9CF001BCD41 /* jdmaster.c */,
				14F055B719F0C9CF001BCD41 /* jdmerge.c */,
				14F055BA19F0C9CF001BCD41 /* jdphuff.c */,
				14F055BB19F0C9CF001BCD41 /* jdpostct.c */,
				14F055BC19F0C9CF001BCD41 /* jdsample.c */,
				14F055BD19F0C9CF001BCD41 /* jdtrans.c */,
				14F055BE19F0C9CF001BCD41 /* jerror.c */,
				14F055BF19F0C9CF001BCD41 /* jfdctflt.c */,
				14F055C019F0C9CF001BCD41 /* jfdctfst.c */,
				14F055C119F0C9CF001BCD41 /* jfdctint.c */,
				14F055C219F0C9CF001BCD41 /* jidctflt.c */,
				14F055C319F0C9CF001BCD41 /* jidctfst.c */,
				14F055C419F0C9CF001BCD41 /* jidctint.c */,
				14F055C519F0C9CF001BCD41 /* jidctred.c */,
				14F055C619F0C9CF001BCD41 /* jmemmgr.c */,
				14F055C719F0C9CF001BCD41 /* jmemnobs.c */,
				14F055C819F0C9CF001BCD41 /* jquant1.c */,
				14F055C919F0C9CF001BCD41 /* jquant2.c */,
				14F055CB19F0C9CF001BCD41 /* jutils.c */,
				427BF6371645BD3C00BC3809 /* header */,
			);
			name = libjpeg;
			sourceTree = "<group>";
		};
		427BF5FA1645BD0B00BC3809 /* libturbojpeg */ = {
			isa = PBXGroup;
			children = (
				14F0561419F0CC92001BCD41 /* jdatadst-tj.c */,
				14F0561519F0CC92001BCD41 /* jdatasrc-tj.c */,
				14F0561A19F0CC92001BCD41 /* tjutil.h */,
				14F0561B19F0CC92001BCD41 /* transupp.c */,
				14F0561C19F0CC92001BCD41 /* transupp.h */,
				14F0561D19F0CC92001BCD41 /* turbojpeg.c */,
				14F0561E19F0CC92001BCD41 /* turbojpeg.h */,
				427BF69A1645BF4C00BC3809 /* headers */,
				427BF5F91645BD0000BC3809 /* libjpeg */,
				427BF5FB1645BD1B00BC3809 /* simd */,
			);
			name = libturbojpeg;
			sourceTree = "<group>";
		};
		427BF5FB1645BD1B00BC3809 /* simd */ = {
			isa = PBXGroup;
			children = (
				14F0572D19F0F141001BCD41 /* jsimd.h */,
				14F0572E19F0F141001BCD41 /* jsimddct.h */,
				427BF6BD1645C0D100BC3809 /* arm */,
			);
			name = simd;
			sourceTree = "<group>";
		};
		427BF6371645BD3C00BC3809 /* header */ = {
			isa = PBXGroup;
			children = (
				14F0560319F0C9F4001BCD41 /* config.h */,
				14F0560419F0C9F4001BCD41 /* jchuff.h */,
				14F0560519F0C9F4001BCD41 /* jconfig.h */,
				14F0560619F0C9F4001BCD41 /* jconfigint.h */,
				14F0560719F0C9F4001BCD41 /* jdct.h */,
				14F0560819F0C9F4001BCD41 /* jdhuff.h */,
				14F0560919F0C9F4001BCD41 /* jerror.h */,
				14F0560A19F0C9F4001BCD41 /* jinclude.h */,
				14F0560B19F0C9F4001BCD41 /* jmemsys.h */,
				14F0560C19F0C9F4001BCD41 /* jmorecfg.h */,
				14F0560D19F0C9F4001BCD41 /* jpeg_nbits_table.h */,
				14F0560E19F0C9F4001BCD41 /* jpegcomp.h */,
				14F0560F19F0C9F4001BCD41 /* jpegint.h */,
				14F0561019F0C9F4001BCD41 /* jpeglib.h */,
				14F0561119F0C9F4001BCD41 /* jsimd.h */,
				14F0561219F0C9F4001BCD41 /* jsimddct.h */,
				14F0561319F0C9F4001BCD41 /* jversion.h */,
			);
			name = header;
			sourceTree = "<group>";
		};
		427BF69A1645BF4C00BC3809 /* headers */ = {
			isa = PBXGroup;
			children = (
				427BF69B1645BF7A00BC3809 /* jinclude.h */,
				427BF6931645BF4800BC3809 /* transupp.h */,
				427BF6951645BF4800BC3809 /* turbojpeg.h */,
				427BF69C1645BFE000BC3809 /* tjutil.h */,
			);
			name = headers;
			sourceTree = "<group>";
		};
		427BF6BD1645C0D100BC3809 /* arm */ = {
			isa = PBXGroup;
			children = (
				14F0572419F0D9FF001BCD41 /* jsimd_arm.c */,
				14F0572219F0D81A001BCD41 /* jsimd_arm_neon.S */,
			);
			name = arm;
			sourceTree = "<group>";
		};
/* End PBXGroup section */

/* Begin PBXNativeTarget section */
		427BF63B1645BD8C00BC3809 /* jpeg */ = {
			isa = PBXNativeTarget;
			buildConfigurationList = 427BF6471645BD8C00BC3809 /* Build configuration list for PBXNativeTarget "jpeg" */;
			buildPhases = (
				427BF6381645BD8C00BC3809 /* Sources */,
			);
			buildRules = (
			);
			dependencies = (
			);
			name = jpeg;
			productName = libjpeg;
			productReference = 427BF63C1645BD8C00BC3809 /* libjpeg.a */;
			productType = "com.apple.product-type.library.static";
		};
		427BF6801645BF1200BC3809 /* turbojpeg */ = {
			isa = PBXNativeTarget;
			buildConfigurationList = 427BF68A1645BF1200BC3809 /* Build configuration list for PBXNativeTarget "turbojpeg" */;
			buildPhases = (
				427BF67D1645BF1200BC3809 /* Sources */,
				427BF67E1645BF1200BC3809 /* Frameworks */,
				427BF7451645DAF900BC3809 /* ShellScript */,
			);
			buildRules = (
			);
			dependencies = (
				427BF6D41645D0B400BC3809 /* PBXTargetDependency */,
				427BF68E1645BF3600BC3809 /* PBXTargetDependency */,
			);
			name = turbojpeg;
			productName = libturbojpeg;
			productReference = 427BF6811645BF1200BC3809 /* libturbojpeg.a */;
			productType = "com.apple.product-type.library.static";
		};
		427BF6B01645C08600BC3809 /* simd-arm */ = {
			isa = PBXNativeTarget;
			buildConfigurationList = 427BF6BA1645C08600BC3809 /* Build configuration list for PBXNativeTarget "simd-arm" */;
			buildPhases = (
				427BF6AD1645C08600BC3809 /* Sources */,
			);
			buildRules = (
				427BF7581645E0BF00BC3809 /* PBXBuildRule */,
			);
			dependencies = (
			);
			name = "simd-arm";
			productName = "simd-arm";
			productReference = 427BF6B11645C08600BC3809 /* libsimd-arm.a */;
			productType = "com.apple.product-type.library.static";
		};
/* End PBXNativeTarget section */

/* Begin PBXProject section */
		427BF5DF1645B6F400BC3809 /* Project object */ = {
			isa = PBXProject;
			attributes = {
				LastUpgradeCheck = 0510;
				ORGANIZATIONNAME = "Johannes Schriewer";
			};
			buildConfigurationList = 427BF5E21645B6F400BC3809 /* Build configuration list for PBXProject "libjpeg-turbo-ios" */;
			compatibilityVersion = "Xcode 3.2";
			developmentRegion = English;
			hasScannedForEncodings = 0;
			knownRegions = (
				en,
			);
			mainGroup = 427BF5DD1645B6F400BC3809;
			productRefGroup = 427BF5E91645B6F400BC3809 /* Products */;
			projectDirPath = "";
			projectRoot = "";
			targets = (
				427BF63B1645BD8C00BC3809 /* jpeg */,
				427BF6801645BF1200BC3809 /* turbojpeg */,
				427BF6B01645C08600BC3809 /* simd-arm */,
			);
		};
/* End PBXProject section */

/* Begin PBXShellScriptBuildPhase section */
		427BF7451645DAF900BC3809 /* ShellScript */ = {
			isa = PBXShellScriptBuildPhase;
			buildActionMask = 2147483647;
			files = (
			);
			inputPaths = (
				"$(TARGET_BUILD_DIR)/libturbojpeg.a",
			);
			outputPaths = (
				"$(SRCROOT)/lib/libturbojpeg-arm.a",
			);
			runOnlyForDeploymentPostprocessing = 0;
			shellPath = /bin/sh;
			shellScript = "mkdir -p \"$(dirname \"$SCRIPT_INPUT_FILE_0\")/lib\"\ncp \"$SCRIPT_INPUT_FILE_0\" \"$SCRIPT_OUTPUT_FILE_0\"";
			showEnvVarsInLog = 0;
		};
/* End PBXShellScriptBuildPhase section */

/* Begin PBXSourcesBuildPhase section */
		427BF6381645BD8C00BC3809 /* Sources */ = {
			isa = PBXSourcesBuildPhase;
			buildActionMask = 2147483647;
			files = (
				14F055D219F0C9CF001BCD41 /* jccolor.c in Sources */,
				14F055CD19F0C9CF001BCD41 /* jcapimin.c in Sources */,
				14F055F219F0C9CF001BCD41 /* jdpostct.c in Sources */,
				14F055DF19F0C9CF001BCD41 /* jdapimin.c in Sources */,
				14F055E319F0C9CF001BCD41 /* jdatasrc.c in Sources */,
				14F055D619F0C9CF001BCD41 /* jcmainct.c in Sources */,
				14F055F519F0C9CF001BCD41 /* jerror.c in Sources */,
				14F055D819F0C9CF001BCD41 /* jcmaster.c in Sources */,
				14F055E019F0C9CF001BCD41 /* jdapistd.c in Sources */,
				14F055F119F0C9CF001BCD41 /* jdphuff.c in Sources */,
				14F055F919F0C9CF001BCD41 /* jidctflt.c in Sources */,
				14F055DD19F0C9CF001BCD41 /* jcsample.c in Sources */,
				14F055FF19F0C9CF001BCD41 /* jquant1.c in Sources */,
				14F055EE19F0C9CF001BCD41 /* jdmerge.c in Sources */,
				14F055E819F0C9CF001BCD41 /* jddctmgr.c in Sources */,
				14F055F819F0C9CF001BCD41 /* jfdctint.c in Sources */,
				14F055D919F0C9CF001BCD41 /* jcomapi.c in Sources */,
				14F055ED19F0C9CF001BCD41 /* jdmaster.c in Sources */,
				14F055DA19F0C9CF001BCD41 /* jcparam.c in Sources */,
				14F055F619F0C9CF001BCD41 /* jfdctflt.c in Sources */,
				14F055D719F0C9CF001BCD41 /* jcmarker.c in Sources */,
				14F055FE19F0C9CF001BCD41 /* jmemnobs.c in Sources */,
				14F055FC19F0C9CF001BCD41 /* jidctred.c in Sources */,
				14F055F719F0C9CF001BCD41 /* jfdctfst.c in Sources */,
				14F055E119F0C9CF001BCD41 /* jdarith.c in Sources */,
				14F055FA19F0C9CF001BCD41 /* jidctfst.c in Sources */,
				14F055E219F0C9CF001BCD41 /* jdatadst.c in Sources */,
				14F055DB19F0C9CF001BCD41 /* jcphuff.c in Sources */,
				14F055E419F0C9CF001BCD41 /* jdcoefct.c in Sources */,
				14F055D019F0C9CF001BCD41 /* jccoefct.c in Sources */,
				14F055D519F0C9CF001BCD41 /* jcinit.c in Sources */,
				14F0560219F0C9CF001BCD41 /* jutils.c in Sources */,
				14F055CF19F0C9CF001BCD41 /* jcarith.c in Sources */,
				14F0560019F0C9CF001BCD41 /* jquant2.c in Sources */,
				14F055EA19F0C9CF001BCD41 /* jdinput.c in Sources */,
				14F055F319F0C9CF001BCD41 /* jdsample.c in Sources */,
				14F055DE19F0C9CF001BCD41 /* jctrans.c in Sources */,
				14F055DC19F0C9CF001BCD41 /* jcprepct.c in Sources */,
				14F055FD19F0C9CF001BCD41 /* jmemmgr.c in Sources */,
				14F055EC19F0C9CF001BCD41 /* jdmarker.c in Sources */,
				14F055CC19F0C9CF001BCD41 /* jaricom.c in Sources */,
				14F055EB19F0C9CF001BCD41 /* jdmainct.c in Sources */,
				14F055E719F0C9CF001BCD41 /* jdcolor.c in Sources */,
				14F055E919F0C9CF001BCD41 /* jdhuff.c in Sources */,
				14F055FB19F0C9CF001BCD41 /* jidctint.c in Sources */,
				14F055F419F0C9CF001BCD41 /* jdtrans.c in Sources */,
				14F055CE19F0C9CF001BCD41 /* jcapistd.c in Sources */,
				14F055D319F0C9CF001BCD41 /* jcdctmgr.c in Sources */,
				14F055D419F0C9CF001BCD41 /* jchuff.c in Sources */,
			);
			runOnlyForDeploymentPostprocessing = 0;
		};
		427BF67D1645BF1200BC3809 /* Sources */ = {
			isa = PBXSourcesBuildPhase;
			buildActionMask = 2147483647;
			files = (
				14F0562219F0CC92001BCD41 /* transupp.c in Sources */,
				14F0561F19F0CC92001BCD41 /* jdatadst-tj.c in Sources */,
				14F0562019F0CC92001BCD41 /* jdatasrc-tj.c in Sources */,
				14F0562319F0CC92001BCD41 /* turbojpeg.c in Sources */,
			);
			runOnlyForDeploymentPostprocessing = 0;
		};
		427BF6AD1645C08600BC3809 /* Sources */ = {
			isa = PBXSourcesBuildPhase;
			buildActionMask = 2147483647;
			files = (
				14F0572519F0D9FF001BCD41 /* jsimd_arm.c in Sources */,
				14F0572319F0D81A001BCD41 /* jsimd_arm_neon.S in Sources */,
			);
			runOnlyForDeploymentPostprocessing = 0;
		};
/* End PBXSourcesBuildPhase section */

/* Begin PBXTargetDependency section */
		427BF68E1645BF3600BC3809 /* PBXTargetDependency */ = {
			isa = PBXTargetDependency;
			target = 427BF63B1645BD8C00BC3809 /* jpeg */;
			targetProxy = 427BF68D1645BF3600BC3809 /* PBXContainerItemProxy */;
		};
		427BF6D41645D0B400BC3809 /* PBXTargetDependency */ = {
			isa = PBXTargetDependency;
			target = 427BF6B01645C08600BC3809 /* simd-arm */;
			targetProxy = 427BF6D31645D0B400BC3809 /* PBXContainerItemProxy */;
		};
/* End PBXTargetDependency section */

/* Begin XCBuildConfiguration section */
		427BF5F41645B6F400BC3809 /* Debug */ = {
			isa = XCBuildConfiguration;
			buildSettings = {
				ALWAYS_SEARCH_USER_PATHS = NO;
				ARCHS = (
					armv7,
					armv7s,
				);
				CLANG_CXX_LANGUAGE_STANDARD = "gnu++0x";
				CLANG_CXX_LIBRARY = "libc++";
				CLANG_WARN_EMPTY_BODY = YES;
				CLANG_WARN__DUPLICATE_METHOD_MATCH = YES;
				COPY_PHASE_STRIP = NO;
				GCC_C_LANGUAGE_STANDARD = gnu99;
				GCC_DYNAMIC_NO_PIC = NO;
				GCC_OPTIMIZATION_LEVEL = 0;
				GCC_PREPROCESSOR_DEFINITIONS = (
					"DEBUG=1",
					"$(inherited)",
				);
				GCC_SYMBOLS_PRIVATE_EXTERN = NO;
				GCC_UNROLL_LOOPS = YES;
				GCC_WARN_ABOUT_RETURN_TYPE = YES;
				GCC_WARN_UNINITIALIZED_AUTOS = YES;
				GCC_WARN_UNUSED_VARIABLE = YES;
				IPHONEOS_DEPLOYMENT_TARGET = 6.0;
				ONLY_ACTIVE_ARCH = YES;
				SDKROOT = iphoneos;
			};
			name = Debug;
		};
		427BF5F51645B6F400BC3809 /* Release */ = {
			isa = XCBuildConfiguration;
			buildSettings = {
				ALWAYS_SEARCH_USER_PATHS = NO;
				ARCHS = (
					armv7,
					armv7s,
				);
				CLANG_CXX_LANGUAGE_STANDARD = "gnu++0x";
				CLANG_CXX_LIBRARY = "libc++";
				CLANG_WARN_EMPTY_BODY = YES;
				CLANG_WARN__DUPLICATE_METHOD_MATCH = YES;
				COPY_PHASE_STRIP = YES;
				GCC_C_LANGUAGE_STANDARD = gnu99;
				GCC_UNROLL_LOOPS = YES;
				GCC_WARN_ABOUT_RETURN_TYPE = YES;
				GCC_WARN_UNINITIALIZED_AUTOS = YES;
				GCC_WARN_UNUSED_VARIABLE = YES;
				IPHONEOS_DEPLOYMENT_TARGET = 6.0;
				SDKROOT = iphoneos;
				VALIDATE_PRODUCT = YES;
			};
			name = Release;
		};
		427BF6481645BD8C00BC3809 /* Debug */ = {
			isa = XCBuildConfiguration;
			buildSettings = {
				DSTROOT = /tmp/libjpeg.dst;
				GCC_PRECOMPILE_PREFIX_HEADER = NO;
				GCC_PREFIX_HEADER = "";
				ONLY_ACTIVE_ARCH = NO;
				OTHER_LDFLAGS = "";
				PRODUCT_NAME = "$(TARGET_NAME)";
				SKIP_INSTALL = YES;
				VALID_ARCHS = "armv7 armv7s";
			};
			name = Debug;
		};
		427BF6491645BD8C00BC3809 /* Release */ = {
			isa = XCBuildConfiguration;
			buildSettings = {
				DSTROOT = /tmp/libjpeg.dst;
				GCC_PRECOMPILE_PREFIX_HEADER = NO;
				GCC_PREFIX_HEADER = "";
				ONLY_ACTIVE_ARCH = NO;
				OTHER_LDFLAGS = "";
				PRODUCT_NAME = "$(TARGET_NAME)";
				SKIP_INSTALL = YES;
				VALID_ARCHS = "armv7 armv7s";
			};
			name = Release;
		};
		427BF68B1645BF1200BC3809 /* Debug */ = {
			isa = XCBuildConfiguration;
			buildSettings = {
				DSTROOT = /tmp/libturbojpeg.dst;
				HEADER_SEARCH_PATHS = (
					"\"$(SRCROOT)/libturbojpeg\"",
					"\"$(SRCROOT)/libjpeg\"",
				);
				LIBRARY_SEARCH_PATHS = (
					"$(inherited)",
					"$(PROJECT_DIR)/libturbojpeg/simd-i386/build",
				);
				ONLY_ACTIVE_ARCH = NO;
				OTHER_LDFLAGS = "";
				PRODUCT_NAME = "$(TARGET_NAME)";
				SKIP_INSTALL = YES;
				VALID_ARCHS = "armv7 armv7s";
			};
			name = Debug;
		};
		427BF68C1645BF1200BC3809 /* Release */ = {
			isa = XCBuildConfiguration;
			buildSettings = {
				DSTROOT = /tmp/libturbojpeg.dst;
				HEADER_SEARCH_PATHS = (
					"\"$(SRCROOT)/libturbojpeg\"",
					"\"$(SRCROOT)/libjpeg\"",
				);
				LIBRARY_SEARCH_PATHS = (
					"$(inherited)",
					"$(PROJECT_DIR)/libturbojpeg/simd-i386/build",
				);
				ONLY_ACTIVE_ARCH = NO;
				OTHER_LDFLAGS = "";
				PRODUCT_NAME = "$(TARGET_NAME)";
				SKIP_INSTALL = YES;
				VALID_ARCHS = "armv7 armv7s";
			};
			name = Release;
		};
		427BF6BB1645C08600BC3809 /* Debug */ = {
			isa = XCBuildConfiguration;
			buildSettings = {
				ARCHS = (
					armv7,
					armv7s,
				);
				DSTROOT = /tmp/simd_arm.dst;
				GCC_PRECOMPILE_PREFIX_HEADER = NO;
				GCC_VERSION = "";
				GCC_WARN_UNINITIALIZED_AUTOS = NO;
				HEADER_SEARCH_PATHS = (
					"$(SRCROOT)/libturbojpeg",
					"$(SRCROOT)/libjpeg",
				);
				ONLY_ACTIVE_ARCH = NO;
				OTHER_LDFLAGS = "";
				PRODUCT_NAME = "$(TARGET_NAME)";
				SKIP_INSTALL = YES;
				VALID_ARCHS = "armv7 armv7s";
			};
			name = Debug;
		};
		427BF6BC1645C08600BC3809 /* Release */ = {
			isa = XCBuildConfiguration;
			buildSettings = {
				ARCHS = (
					armv7,
					armv7s,
				);
				DSTROOT = /tmp/simd_arm.dst;
				GCC_PRECOMPILE_PREFIX_HEADER = NO;
				GCC_VERSION = "";
				GCC_WARN_UNINITIALIZED_AUTOS = NO;
				HEADER_SEARCH_PATHS = (
					"$(SRCROOT)/libturbojpeg",
					"$(SRCROOT)/libjpeg",
				);
				ONLY_ACTIVE_ARCH = NO;
				OTHER_LDFLAGS = "";
				PRODUCT_NAME = "$(TARGET_NAME)";
				SKIP_INSTALL = YES;
				VALID_ARCHS = "armv7 armv7s";
			};
			name = Release;
		};
/* End XCBuildConfiguration section */

/* Begin XCConfigurationList section */
		427BF5E21645B6F400BC3809 /* Build configuration list for PBXProject "libjpeg-turbo-ios" */ = {
			isa = XCConfigurationList;
			buildConfigurations = (
				427BF5F41645B6F400BC3809 /* Debug */,
				427BF5F51645B6F400BC3809 /* Release */,
			);
			defaultConfigurationIsVisible = 0;
			defaultConfigurationName = Release;
		};
		427BF6471645BD8C00BC3809 /* Build configuration list for PBXNativeTarget "jpeg" */ = {
			isa = XCConfigurationList;
			buildConfigurations = (
				427BF6481645BD8C00BC3809 /* Debug */,
				427BF6491645BD8C00BC3809 /* Release */,
			);
			defaultConfigurationIsVisible = 0;
			defaultConfigurationName = Release;
		};
		427BF68A1645BF1200BC3809 /* Build configuration list for PBXNativeTarget "turbojpeg" */ = {
			isa = XCConfigurationList;
			buildConfigurations = (
				427BF68B1645BF1200BC3809 /* Debug */,
				427BF68C1645BF1200BC3809 /* Release */,
			);
			defaultConfigurationIsVisible = 0;
			defaultConfigurationName = Release;
		};
		427BF6BA1645C08600BC3809 /* Build configuration list for PBXNativeTarget "simd-arm" */ = {
			isa = XCConfigurationList;
			buildConfigurations = (
				427BF6BB1645C08600BC3809 /* Debug */,
				427BF6BC1645C08600BC3809 /* Release */,
			);
			defaultConfigurationIsVisible = 0;
			defaultConfigurationName = Release;
		};
/* End XCConfigurationList section */
	};
	rootObject = 427BF5DF1645B6F400BC3809 /* Project object */;
}
