// !$*UTF8*$!
{
	archiveVersion = 1;
	classes = {
	};
	objectVersion = 46;
	objects = {

/* Begin PBXBuildFile section */
		14F054F419EFB432001BCD41 /* jaricom.c in Sources */ = {isa = PBXBuildFile; fileRef = 14F054BD19EFB432001BCD41 /* jaricom.c */; };
		14F054F519EFB432001BCD41 /* jcapimin.c in Sources */ = {isa = PBXBuildFile; fileRef = 14F054BE19EFB432001BCD41 /* jcapimin.c */; };
		14F054F619EFB432001BCD41 /* jcapistd.c in Sources */ = {isa = PBXBuildFile; fileRef = 14F054BF19EFB432001BCD41 /* jcapistd.c */; };
		14F054F719EFB432001BCD41 /* jcarith.c in Sources */ = {isa = PBXBuildFile; fileRef = 14F054C019EFB432001BCD41 /* jcarith.c */; };
		14F054F819EFB432001BCD41 /* jccoefct.c in Sources */ = {isa = PBXBuildFile; fileRef = 14F054C119EFB432001BCD41 /* jccoefct.c */; };
		14F054FA19EFB432001BCD41 /* jccolor.c in Sources */ = {isa = PBXBuildFile; fileRef = 14F054C319EFB432001BCD41 /* jccolor.c */; };
		14F054FB19EFB432001BCD41 /* jcdctmgr.c in Sources */ = {isa = PBXBuildFile; fileRef = 14F054C419EFB432001BCD41 /* jcdctmgr.c */; };
		14F054FC19EFB432001BCD41 /* jchuff.c in Sources */ = {isa = PBXBuildFile; fileRef = 14F054C519EFB432001BCD41 /* jchuff.c */; };
		14F054FD19EFB432001BCD41 /* jcinit.c in Sources */ = {isa = PBXBuildFile; fileRef = 14F054C619EFB432001BCD41 /* jcinit.c */; };
		14F054FE19EFB432001BCD41 /* jcmainct.c in Sources */ = {isa = PBXBuildFile; fileRef = 14F054C719EFB432001BCD41 /* jcmainct.c */; };
		14F054FF19EFB432001BCD41 /* jcmarker.c in Sources */ = {isa = PBXBuildFile; fileRef = 14F054C819EFB432001BCD41 /* jcmarker.c */; };
		14F0550019EFB432001BCD41 /* jcmaster.c in Sources */ = {isa = PBXBuildFile; fileRef = 14F054C919EFB432001BCD41 /* jcmaster.c */; };
		14F0550119EFB432001BCD41 /* jcomapi.c in Sources */ = {isa = PBXBuildFile; fileRef = 14F054CA19EFB432001BCD41 /* jcomapi.c */; };
		14F0550219EFB432001BCD41 /* jcparam.c in Sources */ = {isa = PBXBuildFile; fileRef = 14F054CB19EFB432001BCD41 /* jcparam.c */; };
		14F0550319EFB432001BCD41 /* jcphuff.c in Sources */ = {isa = PBXBuildFile; fileRef = 14F054CC19EFB432001BCD41 /* jcphuff.c */; };
		14F0550419EFB432001BCD41 /* jcprepct.c in Sources */ = {isa = PBXBuildFile; fileRef = 14F054CD19EFB432001BCD41 /* jcprepct.c */; };
		14F0550519EFB432001BCD41 /* jcsample.c in Sources */ = {isa = PBXBuildFile; fileRef = 14F054CE19EFB432001BCD41 /* jcsample.c */; };
		14F0550619EFB432001BCD41 /* jctrans.c in Sources */ = {isa = PBXBuildFile; fileRef = 14F054CF19EFB432001BCD41 /* jctrans.c */; };
		14F0550719EFB432001BCD41 /* jdapimin.c in Sources */ = {isa = PBXBuildFile; fileRef = 14F054D019EFB432001BCD41 /* jdapimin.c */; };
		14F0550819EFB432001BCD41 /* jdapistd.c in Sources */ = {isa = PBXBuildFile; fileRef = 14F054D119EFB432001BCD41 /* jdapistd.c */; };
		14F0550919EFB432001BCD41 /* jdarith.c in Sources */ = {isa = PBXBuildFile; fileRef = 14F054D219EFB432001BCD41 /* jdarith.c */; };
		14F0550A19EFB432001BCD41 /* jdatadst.c in Sources */ = {isa = PBXBuildFile; fileRef = 14F054D319EFB432001BCD41 /* jdatadst.c */; };
		14F0550B19EFB432001BCD41 /* jdatasrc.c in Sources */ = {isa = PBXBuildFile; fileRef = 14F054D419EFB432001BCD41 /* jdatasrc.c */; };
		14F0550C19EFB432001BCD41 /* jdcoefct.c in Sources */ = {isa = PBXBuildFile; fileRef = 14F054D519EFB432001BCD41 /* jdcoefct.c */; };
		14F0550F19EFB432001BCD41 /* jdcolor.c in Sources */ = {isa = PBXBuildFile; fileRef = 14F054D819EFB432001BCD41 /* jdcolor.c */; };
		14F0551019EFB432001BCD41 /* jddctmgr.c in Sources */ = {isa = PBXBuildFile; fileRef = 14F054D919EFB432001BCD41 /* jddctmgr.c */; };
		14F0551119EFB432001BCD41 /* jdhuff.c in Sources */ = {isa = PBXBuildFile; fileRef = 14F054DA19EFB432001BCD41 /* jdhuff.c */; };
		14F0551219EFB432001BCD41 /* jdinput.c in Sources */ = {isa = PBXBuildFile; fileRef = 14F054DB19EFB432001BCD41 /* jdinput.c */; };
		14F0551319EFB432001BCD41 /* jdmainct.c in Sources */ = {isa = PBXBuildFile; fileRef = 14F054DC19EFB432001BCD41 /* jdmainct.c */; };
		14F0551419EFB432001BCD41 /* jdmarker.c in Sources */ = {isa = PBXBuildFile; fileRef = 14F054DD19EFB432001BCD41 /* jdmarker.c */; };
		14F0551519EFB432001BCD41 /* jdmaster.c in Sources */ = {isa = PBXBuildFile; fileRef = 14F054DE19EFB432001BCD41 /* jdmaster.c */; };
		14F0551619EFB432001BCD41 /* jdmerge.c in Sources */ = {isa = PBXBuildFile; fileRef = 14F054DF19EFB432001BCD41 /* jdmerge.c */; };
		14F0551919EFB432001BCD41 /* jdphuff.c in Sources */ = {isa = PBXBuildFile; fileRef = 14F054E219EFB432001BCD41 /* jdphuff.c */; };
		14F0551A19EFB432001BCD41 /* jdpostct.c in Sources */ = {isa = PBXBuildFile; fileRef = 14F054E319EFB432001BCD41 /* jdpostct.c */; };
		14F0551B19EFB432001BCD41 /* jdsample.c in Sources */ = {isa = PBXBuildFile; fileRef = 14F054E419EFB432001BCD41 /* jdsample.c */; };
		14F0551C19EFB432001BCD41 /* jdtrans.c in Sources */ = {isa = PBXBuildFile; fileRef = 14F054E519EFB432001BCD41 /* jdtrans.c */; };
		14F0551D19EFB432001BCD41 /* jerror.c in Sources */ = {isa = PBXBuildFile; fileRef = 14F054E619EFB432001BCD41 /* jerror.c */; };
		14F0551E19EFB432001BCD41 /* jfdctflt.c in Sources */ = {isa = PBXBuildFile; fileRef = 14F054E719EFB432001BCD41 /* jfdctflt.c */; };
		14F0551F19EFB432001BCD41 /* jfdctfst.c in Sources */ = {isa = PBXBuildFile; fileRef = 14F054E819EFB432001BCD41 /* jfdctfst.c */; };
		14F0552019EFB432001BCD41 /* jfdctint.c in Sources */ = {isa = PBXBuildFile; fileRef = 14F054E919EFB432001BCD41 /* jfdctint.c */; };
		14F0552119EFB432001BCD41 /* jidctflt.c in Sources */ = {isa = PBXBuildFile; fileRef = 14F054EA19EFB432001BCD41 /* jidctflt.c */; };
		14F0552219EFB432001BCD41 /* jidctfst.c in Sources */ = {isa = PBXBuildFile; fileRef = 14F054EB19EFB432001BCD41 /* jidctfst.c */; };
		14F0552319EFB432001BCD41 /* jidctint.c in Sources */ = {isa = PBXBuildFile; fileRef = 14F054EC19EFB432001BCD41 /* jidctint.c */; };
		14F0552419EFB432001BCD41 /* jidctred.c in Sources */ = {isa = PBXBuildFile; fileRef = 14F054ED19EFB432001BCD41 /* jidctred.c */; };
		14F0552519EFB432001BCD41 /* jmemmgr.c in Sources */ = {isa = PBXBuildFile; fileRef = 14F054EE19EFB432001BCD41 /* jmemmgr.c */; };
		14F0552619EFB432001BCD41 /* jmemnobs.c in Sources */ = {isa = PBXBuildFile; fileRef = 14F054EF19EFB432001BCD41 /* jmemnobs.c */; };
		14F0552719EFB432001BCD41 /* jquant1.c in Sources */ = {isa = PBXBuildFile; fileRef = 14F054F019EFB432001BCD41 /* jquant1.c */; };
		14F0552819EFB432001BCD41 /* jquant2.c in Sources */ = {isa = PBXBuildFile; fileRef = 14F054F119EFB432001BCD41 /* jquant2.c */; };
		14F0552A19EFB432001BCD41 /* jutils.c in Sources */ = {isa = PBXBuildFile; fileRef = 14F054F319EFB432001BCD41 /* jutils.c */; };
		14F0556B19F0C0A7001BCD41 /* jdatadst-tj.c in Sources */ = {isa = PBXBuildFile; fileRef = 14F0556019F0C0A7001BCD41 /* jdatadst-tj.c */; };
		14F0556C19F0C0A7001BCD41 /* jdatasrc-tj.c in Sources */ = {isa = PBXBuildFile; fileRef = 14F0556119F0C0A7001BCD41 /* jdatasrc-tj.c */; };
		14F0556E19F0C0A7001BCD41 /* transupp.c in Sources */ = {isa = PBXBuildFile; fileRef = 14F0556719F0C0A7001BCD41 /* transupp.c */; };
		14F0556F19F0C0A7001BCD41 /* turbojpeg.c in Sources */ = {isa = PBXBuildFile; fileRef = 14F0556919F0C0A7001BCD41 /* turbojpeg.c */; };
		427BF68F1645BF3A00BC3809 /* libjpeg.a in Frameworks */ = {isa = PBXBuildFile; fileRef = 427BF63C1645BD8C00BC3809 /* libjpeg.a */; };
		427BF73B1645D62300BC3809 /* libsimd-i386.a in Frameworks */ = {isa = PBXBuildFile; fileRef = 427BF6A11645C04700BC3809 /* libsimd-i386.a */; };
/* End PBXBuildFile section */

/* Begin PBXContainerItemProxy section */
		427BF68D1645BF3600BC3809 /* PBXContainerItemProxy */ = {
			isa = PBXContainerItemProxy;
			containerPortal = 427BF5DF1645B6F400BC3809 /* Project object */;
			proxyType = 1;
			remoteGlobalIDString = 427BF63B1645BD8C00BC3809;
			remoteInfo = libjpeg;
		};
		427BF7391645D62000BC3809 /* PBXContainerItemProxy */ = {
			isa = PBXContainerItemProxy;
			containerPortal = 427BF5DF1645B6F400BC3809 /* Project object */;
			proxyType = 1;
			remoteGlobalIDString = 427BF6A01645C04700BC3809;
			remoteInfo = "simd-i386";
		};
/* End PBXContainerItemProxy section */

/* Begin PBXFileReference section */
		14F054AD19EFB422001BCD41 /* config.h */ = {isa = PBXFileReference; fileEncoding = 4; lastKnownFileType = sourcecode.c.h; name = config.h; path = libjpeg/config.h; sourceTree = "<group>"; };
		14F054AE19EFB422001BCD41 /* jchuff.h */ = {isa = PBXFileReference; fileEncoding = 4; lastKnownFileType = sourcecode.c.h; name = jchuff.h; path = libjpeg/jchuff.h; sourceTree = "<group>"; };
		14F054AF19EFB422001BCD41 /* jconfig.h */ = {isa = PBXFileReference; fileEncoding = 4; lastKnownFileType = sourcecode.c.h; name = jconfig.h; path = libjpeg/jconfig.h; sourceTree = "<group>"; };
		14F054B019EFB422001BCD41 /* jdct.h */ = {isa = PBXFileReference; fileEncoding = 4; lastKnownFileType = sourcecode.c.h; name = jdct.h; path = libjpeg/jdct.h; sourceTree = "<group>"; };
		14F054B119EFB422001BCD41 /* jdhuff.h */ = {isa = PBXFileReference; fileEncoding = 4; lastKnownFileType = sourcecode.c.h; name = jdhuff.h; path = libjpeg/jdhuff.h; sourceTree = "<group>"; };
		14F054B219EFB422001BCD41 /* jerror.h */ = {isa = PBXFileReference; fileEncoding = 4; lastKnownFileType = sourcecode.c.h; name = jerror.h; path = libjpeg/jerror.h; sourceTree = "<group>"; };
		14F054B319EFB422001BCD41 /* jinclude.h */ = {isa = PBXFileReference; fileEncoding = 4; lastKnownFileType = sourcecode.c.h; name = jinclude.h; path = libjpeg/jinclude.h; sourceTree = "<group>"; };
		14F054B419EFB422001BCD41 /* jmemsys.h */ = {isa = PBXFileReference; fileEncoding = 4; lastKnownFileType = sourcecode.c.h; name = jmemsys.h; path = libjpeg/jmemsys.h; sourceTree = "<group>"; };
		14F054B519EFB422001BCD41 /* jmorecfg.h */ = {isa = PBXFileReference; fileEncoding = 4; lastKnownFileType = sourcecode.c.h; name = jmorecfg.h; path = libjpeg/jmorecfg.h; sourceTree = "<group>"; };
		14F054B619EFB422001BCD41 /* jpeg_nbits_table.h */ = {isa = PBXFileReference; fileEncoding = 4; lastKnownFileType = sourcecode.c.h; name = jpeg_nbits_table.h; path = libjpeg/jpeg_nbits_table.h; sourceTree = "<group>"; };
		14F054B719EFB422001BCD41 /* jpegcomp.h */ = {isa = PBXFileReference; fileEncoding = 4; lastKnownFileType = sourcecode.c.h; name = jpegcomp.h; path = libjpeg/jpegcomp.h; sourceTree = "<group>"; };
		14F054B819EFB422001BCD41 /* jpegint.h */ = {isa = PBXFileReference; fileEncoding = 4; lastKnownFileType = sourcecode.c.h; name = jpegint.h; path = libjpeg/jpegint.h; sourceTree = "<group>"; };
		14F054B919EFB422001BCD41 /* jpeglib.h */ = {isa = PBXFileReference; fileEncoding = 4; lastKnownFileType = sourcecode.c.h; name = jpeglib.h; path = libjpeg/jpeglib.h; sourceTree = "<group>"; };
		14F054BA19EFB422001BCD41 /* jsimd.h */ = {isa = PBXFileReference; fileEncoding = 4; lastKnownFileType = sourcecode.c.h; name = jsimd.h; path = libjpeg/jsimd.h; sourceTree = "<group>"; };
		14F054BB19EFB422001BCD41 /* jsimddct.h */ = {isa = PBXFileReference; fileEncoding = 4; lastKnownFileType = sourcecode.c.h; name = jsimddct.h; path = libjpeg/jsimddct.h; sourceTree = "<group>"; };
		14F054BC19EFB422001BCD41 /* jversion.h */ = {isa = PBXFileReference; fileEncoding = 4; lastKnownFileType = sourcecode.c.h; name = jversion.h; path = libjpeg/jversion.h; sourceTree = "<group>"; };
		14F054BD19EFB432001BCD41 /* jaricom.c */ = {isa = PBXFileReference; fileEncoding = 4; lastKnownFileType = sourcecode.c.c; name = jaricom.c; path = libjpeg/jaricom.c; sourceTree = "<group>"; };
		14F054BE19EFB432001BCD41 /* jcapimin.c */ = {isa = PBXFileReference; fileEncoding = 4; lastKnownFileType = sourcecode.c.c; name = jcapimin.c; path = libjpeg/jcapimin.c; sourceTree = "<group>"; };
		14F054BF19EFB432001BCD41 /* jcapistd.c */ = {isa = PBXFileReference; fileEncoding = 4; lastKnownFileType = sourcecode.c.c; name = jcapistd.c; path = libjpeg/jcapistd.c; sourceTree = "<group>"; };
		14F054C019EFB432001BCD41 /* jcarith.c */ = {isa = PBXFileReference; fileEncoding = 4; lastKnownFileType = sourcecode.c.c; name = jcarith.c; path = libjpeg/jcarith.c; sourceTree = "<group>"; };
		14F054C119EFB432001BCD41 /* jccoefct.c */ = {isa = PBXFileReference; fileEncoding = 4; lastKnownFileType = sourcecode.c.c; name = jccoefct.c; path = libjpeg/jccoefct.c; sourceTree = "<group>"; };
		14F054C319EFB432001BCD41 /* jccolor.c */ = {isa = PBXFileReference; fileEncoding = 4; lastKnownFileType = sourcecode.c.c; name = jccolor.c; path = libjpeg/jccolor.c; sourceTree = "<group>"; };
		14F054C419EFB432001BCD41 /* jcdctmgr.c */ = {isa = PBXFileReference; fileEncoding = 4; lastKnownFileType = sourcecode.c.c; name = jcdctmgr.c; path = libjpeg/jcdctmgr.c; sourceTree = "<group>"; };
		14F054C519EFB432001BCD41 /* jchuff.c */ = {isa = PBXFileReference; fileEncoding = 4; lastKnownFileType = sourcecode.c.c; name = jchuff.c; path = libjpeg/jchuff.c; sourceTree = "<group>"; };
		14F054C619EFB432001BCD41 /* jcinit.c */ = {isa = PBXFileReference; fileEncoding = 4; lastKnownFileType = sourcecode.c.c; name = jcinit.c; path = libjpeg/jcinit.c; sourceTree = "<group>"; };
		14F054C719EFB432001BCD41 /* jcmainct.c */ = {isa = PBXFileReference; fileEncoding = 4; lastKnownFileType = sourcecode.c.c; name = jcmainct.c; path = libjpeg/jcmainct.c; sourceTree = "<group>"; };
		14F054C819EFB432001BCD41 /* jcmarker.c */ = {isa = PBXFileReference; fileEncoding = 4; lastKnownFileType = sourcecode.c.c; name = jcmarker.c; path = libjpeg/jcmarker.c; sourceTree = "<group>"; };
		14F054C919EFB432001BCD41 /* jcmaster.c */ = {isa = PBXFileReference; fileEncoding = 4; lastKnownFileType = sourcecode.c.c; name = jcmaster.c; path = libjpeg/jcmaster.c; sourceTree = "<group>"; };
		14F054CA19EFB432001BCD41 /* jcomapi.c */ = {isa = PBXFileReference; fileEncoding = 4; lastKnownFileType = sourcecode.c.c; name = jcomapi.c; path = libjpeg/jcomapi.c; sourceTree = "<group>"; };
		14F054CB19EFB432001BCD41 /* jcparam.c */ = {isa = PBXFileReference; fileEncoding = 4; lastKnownFileType = sourcecode.c.c; name = jcparam.c; path = libjpeg/jcparam.c; sourceTree = "<group>"; };
		14F054CC19EFB432001BCD41 /* jcphuff.c */ = {isa = PBXFileReference; fileEncoding = 4; lastKnownFileType = sourcecode.c.c; name = jcphuff.c; path = libjpeg/jcphuff.c; sourceTree = "<group>"; };
		14F054CD19EFB432001BCD41 /* jcprepct.c */ = {isa = PBXFileReference; fileEncoding = 4; lastKnownFileType = sourcecode.c.c; name = jcprepct.c; path = libjpeg/jcprepct.c; sourceTree = "<group>"; };
		14F054CE19EFB432001BCD41 /* jcsample.c */ = {isa = PBXFileReference; fileEncoding = 4; lastKnownFileType = sourcecode.c.c; name = jcsample.c; path = libjpeg/jcsample.c; sourceTree = "<group>"; };
		14F054CF19EFB432001BCD41 /* jctrans.c */ = {isa = PBXFileReference; fileEncoding = 4; lastKnownFileType = sourcecode.c.c; name = jctrans.c; path = libjpeg/jctrans.c; sourceTree = "<group>"; };
		14F054D019EFB432001BCD41 /* jdapimin.c */ = {isa = PBXFileReference; fileEncoding = 4; lastKnownFileType = sourcecode.c.c; name = jdapimin.c; path = libjpeg/jdapimin.c; sourceTree = "<group>"; };
		14F054D119EFB432001BCD41 /* jdapistd.c */ = {isa = PBXFileReference; fileEncoding = 4; lastKnownFileType = sourcecode.c.c; name = jdapistd.c; path = libjpeg/jdapistd.c; sourceTree = "<group>"; };
		14F054D219EFB432001BCD41 /* jdarith.c */ = {isa = PBXFileReference; fileEncoding = 4; lastKnownFileType = sourcecode.c.c; name = jdarith.c; path = libjpeg/jdarith.c; sourceTree = "<group>"; };
		14F054D319EFB432001BCD41 /* jdatadst.c */ = {isa = PBXFileReference; fileEncoding = 4; lastKnownFileType = sourcecode.c.c; name = jdatadst.c; path = libjpeg/jdatadst.c; sourceTree = "<group>"; };
		14F054D419EFB432001BCD41 /* jdatasrc.c */ = {isa = PBXFileReference; fileEncoding = 4; lastKnownFileType = sourcecode.c.c; name = jdatasrc.c; path = libjpeg/jdatasrc.c; sourceTree = "<group>"; };
		14F054D519EFB432001BCD41 /* jdcoefct.c */ = {isa = PBXFileReference; fileEncoding = 4; lastKnownFileType = sourcecode.c.c; name = jdcoefct.c; path = libjpeg/jdcoefct.c; sourceTree = "<group>"; };
		14F054D819EFB432001BCD41 /* jdcolor.c */ = {isa = PBXFileReference; fileEncoding = 4; lastKnownFileType = sourcecode.c.c; name = jdcolor.c; path = libjpeg/jdcolor.c; sourceTree = "<group>"; };
		14F054D919EFB432001BCD41 /* jddctmgr.c */ = {isa = PBXFileReference; fileEncoding = 4; lastKnownFileType = sourcecode.c.c; name = jddctmgr.c; path = libjpeg/jddctmgr.c; sourceTree = "<group>"; };
		14F054DA19EFB432001BCD41 /* jdhuff.c */ = {isa = PBXFileReference; fileEncoding = 4; lastKnownFileType = sourcecode.c.c; name = jdhuff.c; path = libjpeg/jdhuff.c; sourceTree = "<group>"; };
		14F054DB19EFB432001BCD41 /* jdinput.c */ = {isa = PBXFileReference; fileEncoding = 4; lastKnownFileType = sourcecode.c.c; name = jdinput.c; path = libjpeg/jdinput.c; sourceTree = "<group>"; };
		14F054DC19EFB432001BCD41 /* jdmainct.c */ = {isa = PBXFileReference; fileEncoding = 4; lastKnownFileType = sourcecode.c.c; name = jdmainct.c; path = libjpeg/jdmainct.c; sourceTree = "<group>"; };
		14F054DD19EFB432001BCD41 /* jdmarker.c */ = {isa = PBXFileReference; fileEncoding = 4; lastKnownFileType = sourcecode.c.c; name = jdmarker.c; path = libjpeg/jdmarker.c; sourceTree = "<group>"; };
		14F054DE19EFB432001BCD41 /* jdmaster.c */ = {isa = PBXFileReference; fileEncoding = 4; lastKnownFileType = sourcecode.c.c; name = jdmaster.c; path = libjpeg/jdmaster.c; sourceTree = "<group>"; };
		14F054DF19EFB432001BCD41 /* jdmerge.c */ = {isa = PBXFileReference; fileEncoding = 4; lastKnownFileType = sourcecode.c.c; name = jdmerge.c; path = libjpeg/jdmerge.c; sourceTree = "<group>"; };
		14F054E219EFB432001BCD41 /* jdphuff.c */ = {isa = PBXFileReference; fileEncoding = 4; lastKnownFileType = sourcecode.c.c; name = jdphuff.c; path = libjpeg/jdphuff.c; sourceTree = "<group>"; };
		14F054E319EFB432001BCD41 /* jdpostct.c */ = {isa = PBXFileReference; fileEncoding = 4; lastKnownFileType = sourcecode.c.c; name = jdpostct.c; path = libjpeg/jdpostct.c; sourceTree = "<group>"; };
		14F054E419EFB432001BCD41 /* jdsample.c */ = {isa = PBXFileReference; fileEncoding = 4; lastKnownFileType = sourcecode.c.c; name = jdsample.c; path = libjpeg/jdsample.c; sourceTree = "<group>"; };
		14F054E519EFB432001BCD41 /* jdtrans.c */ = {isa = PBXFileReference; fileEncoding = 4; lastKnownFileType = sourcecode.c.c; name = jdtrans.c; path = libjpeg/jdtrans.c; sourceTree = "<group>"; };
		14F054E619EFB432001BCD41 /* jerror.c */ = {isa = PBXFileReference; fileEncoding = 4; lastKnownFileType = sourcecode.c.c; name = jerror.c; path = libjpeg/jerror.c; sourceTree = "<group>"; };
		14F054E719EFB432001BCD41 /* jfdctflt.c */ = {isa = PBXFileReference; fileEncoding = 4; lastKnownFileType = sourcecode.c.c; name = jfdctflt.c; path = libjpeg/jfdctflt.c; sourceTree = "<group>"; };
		14F054E819EFB432001BCD41 /* jfdctfst.c */ = {isa = PBXFileReference; fileEncoding = 4; lastKnownFileType = sourcecode.c.c; name = jfdctfst.c; path = libjpeg/jfdctfst.c; sourceTree = "<group>"; };
		14F054E919EFB432001BCD41 /* jfdctint.c */ = {isa = PBXFileReference; fileEncoding = 4; lastKnownFileType = sourcecode.c.c; name = jfdctint.c; path = libjpeg/jfdctint.c; sourceTree = "<group>"; };
		14F054EA19EFB432001BCD41 /* jidctflt.c */ = {isa = PBXFileReference; fileEncoding = 4; lastKnownFileType = sourcecode.c.c; name = jidctflt.c; path = libjpeg/jidctflt.c; sourceTree = "<group>"; };
		14F054EB19EFB432001BCD41 /* jidctfst.c */ = {isa = PBXFileReference; fileEncoding = 4; lastKnownFileType = sourcecode.c.c; name = jidctfst.c; path = libjpeg/jidctfst.c; sourceTree = "<group>"; };
		14F054EC19EFB432001BCD41 /* jidctint.c */ = {isa = PBXFileReference; fileEncoding = 4; lastKnownFileType = sourcecode.c.c; name = jidctint.c; path = libjpeg/jidctint.c; sourceTree = "<group>"; };
		14F054ED19EFB432001BCD41 /* jidctred.c */ = {isa = PBXFileReference; fileEncoding = 4; lastKnownFileType = sourcecode.c.c; name = jidctred.c; path = libjpeg/jidctred.c; sourceTree = "<group>"; };
		14F054EE19EFB432001BCD41 /* jmemmgr.c */ = {isa = PBXFileReference; fileEncoding = 4; lastKnownFileType = sourcecode.c.c; name = jmemmgr.c; path = libjpeg/jmemmgr.c; sourceTree = "<group>"; };
		14F054EF19EFB432001BCD41 /* jmemnobs.c */ = {isa = PBXFileReference; fileEncoding = 4; lastKnownFileType = sourcecode.c.c; name = jmemnobs.c; path = libjpeg/jmemnobs.c; sourceTree = "<group>"; };
		14F054F019EFB432001BCD41 /* jquant1.c */ = {isa = PBXFileReference; fileEncoding = 4; lastKnownFileType = sourcecode.c.c; name = jquant1.c; path = libjpeg/jquant1.c; sourceTree = "<group>"; };
		14F054F119EFB432001BCD41 /* jquant2.c */ = {isa = PBXFileReference; fileEncoding = 4; lastKnownFileType = sourcecode.c.c; name = jquant2.c; path = libjpeg/jquant2.c; sourceTree = "<group>"; };
		14F054F319EFB432001BCD41 /* jutils.c */ = {isa = PBXFileReference; fileEncoding = 4; lastKnownFileType = sourcecode.c.c; name = jutils.c; path = libjpeg/jutils.c; sourceTree = "<group>"; };
		14F0552B19EFB95F001BCD41 /* jccolext-mmx.asm */ = {isa = PBXFileReference; lastKnownFileType = sourcecode.asm.asm; name = "jccolext-mmx.asm"; path = "libturbojpeg/simd-i386/jccolext-mmx.asm"; sourceTree = "<group>"; };
		14F0552C19EFB95F001BCD41 /* jccolext-sse2.asm */ = {isa = PBXFileReference; lastKnownFileType = sourcecode.asm.asm; name = "jccolext-sse2.asm"; path = "libturbojpeg/simd-i386/jccolext-sse2.asm"; sourceTree = "<group>"; };
		14F0552D19EFB95F001BCD41 /* jccolor-mmx.asm */ = {isa = PBXFileReference; lastKnownFileType = sourcecode.asm.asm; name = "jccolor-mmx.asm"; path = "libturbojpeg/simd-i386/jccolor-mmx.asm"; sourceTree = "<group>"; };
		14F0552E19EFB95F001BCD41 /* jccolor-sse2.asm */ = {isa = PBXFileReference; lastKnownFileType = sourcecode.asm.asm; name = "jccolor-sse2.asm"; path = "libturbojpeg/simd-i386/jccolor-sse2.asm"; sourceTree = "<group>"; };
		14F0552F19EFB95F001BCD41 /* jcgray-mmx.asm */ = {isa = PBXFileReference; lastKnownFileType = sourcecode.asm.asm; name = "jcgray-mmx.asm"; path = "libturbojpeg/simd-i386/jcgray-mmx.asm"; sourceTree = "<group>"; };
		14F0553019EFB95F001BCD41 /* jcgray-sse2.asm */ = {isa = PBXFileReference; lastKnownFileType = sourcecode.asm.asm; name = "jcgray-sse2.asm"; path = "libturbojpeg/simd-i386/jcgray-sse2.asm"; sourceTree = "<group>"; };
		14F0553119EFB95F001BCD41 /* jcgryext-mmx.asm */ = {isa = PBXFileReference; lastKnownFileType = sourcecode.asm.asm; name = "jcgryext-mmx.asm"; path = "libturbojpeg/simd-i386/jcgryext-mmx.asm"; sourceTree = "<group>"; };
		14F0553219EFB95F001BCD41 /* jcgryext-sse2.asm */ = {isa = PBXFileReference; lastKnownFileType = sourcecode.asm.asm; name = "jcgryext-sse2.asm"; path = "libturbojpeg/simd-i386/jcgryext-sse2.asm"; sourceTree = "<group>"; };
		14F0553319EFB95F001BCD41 /* jcsample-mmx.asm */ = {isa = PBXFileReference; lastKnownFileType = sourcecode.asm.asm; name = "jcsample-mmx.asm"; path = "libturbojpeg/simd-i386/jcsample-mmx.asm"; sourceTree = "<group>"; };
		14F0553419EFB95F001BCD41 /* jcsample-sse2.asm */ = {isa = PBXFileReference; lastKnownFileType = sourcecode.asm.asm; name = "jcsample-sse2.asm"; path = "libturbojpeg/simd-i386/jcsample-sse2.asm"; sourceTree = "<group>"; };
		14F0553519EFB95F001BCD41 /* jdcolext-mmx.asm */ = {isa = PBXFileReference; lastKnownFileType = sourcecode.asm.asm; name = "jdcolext-mmx.asm"; path = "libturbojpeg/simd-i386/jdcolext-mmx.asm"; sourceTree = "<group>"; };
		14F0553619EFB95F001BCD41 /* jdcolext-sse2.asm */ = {isa = PBXFileReference; lastKnownFileType = sourcecode.asm.asm; name = "jdcolext-sse2.asm"; path = "libturbojpeg/simd-i386/jdcolext-sse2.asm"; sourceTree = "<group>"; };
		14F0553719EFB95F001BCD41 /* jdcolor-mmx.asm */ = {isa = PBXFileReference; lastKnownFileType = sourcecode.asm.asm; name = "jdcolor-mmx.asm"; path = "libturbojpeg/simd-i386/jdcolor-mmx.asm"; sourceTree = "<group>"; };
		14F0553819EFB95F001BCD41 /* jdcolor-sse2.asm */ = {isa = PBXFileReference; lastKnownFileType = sourcecode.asm.asm; name = "jdcolor-sse2.asm"; path = "libturbojpeg/simd-i386/jdcolor-sse2.asm"; sourceTree = "<group>"; };
		14F0553919EFB95F001BCD41 /* jdct.inc */ = {isa = PBXFileReference; fileEncoding = 4; lastKnownFileType = sourcecode.pascal; name = jdct.inc; path = "libturbojpeg/simd-i386/jdct.inc"; sourceTree = "<group>"; };
		14F0553A19EFB95F001BCD41 /* jdmerge-mmx.asm */ = {isa = PBXFileReference; lastKnownFileType = sourcecode.asm.asm; name = "jdmerge-mmx.asm"; path = "libturbojpeg/simd-i386/jdmerge-mmx.asm"; sourceTree = "<group>"; };
		14F0553B19EFB95F001BCD41 /* jdmerge-sse2.asm */ = {isa = PBXFileReference; lastKnownFileType = sourcecode.asm.asm; name = "jdmerge-sse2.asm"; path = "libturbojpeg/simd-i386/jdmerge-sse2.asm"; sourceTree = "<group>"; };
		14F0553C19EFB95F001BCD41 /* jdmrgext-mmx.asm */ = {isa = PBXFileReference; lastKnownFileType = sourcecode.asm.asm; name = "jdmrgext-mmx.asm"; path = "libturbojpeg/simd-i386/jdmrgext-mmx.asm"; sourceTree = "<group>"; };
		14F0553D19EFB95F001BCD41 /* jdmrgext-sse2.asm */ = {isa = PBXFileReference; lastKnownFileType = sourcecode.asm.asm; name = "jdmrgext-sse2.asm"; path = "libturbojpeg/simd-i386/jdmrgext-sse2.asm"; sourceTree = "<group>"; };
		14F0553E19EFB95F001BCD41 /* jdsample-mmx.asm */ = {isa = PBXFileReference; lastKnownFileType = sourcecode.asm.asm; name = "jdsample-mmx.asm"; path = "libturbojpeg/simd-i386/jdsample-mmx.asm"; sourceTree = "<group>"; };
		14F0553F19EFB95F001BCD41 /* jdsample-sse2.asm */ = {isa = PBXFileReference; lastKnownFileType = sourcecode.asm.asm; name = "jdsample-sse2.asm"; path = "libturbojpeg/simd-i386/jdsample-sse2.asm"; sourceTree = "<group>"; };
		14F0554019EFB95F001BCD41 /* jfdctflt-3dn.asm */ = {isa = PBXFileReference; lastKnownFileType = sourcecode.asm.asm; name = "jfdctflt-3dn.asm"; path = "libturbojpeg/simd-i386/jfdctflt-3dn.asm"; sourceTree = "<group>"; };
		14F0554119EFB95F001BCD41 /* jfdctflt-sse.asm */ = {isa = PBXFileReference; lastKnownFileType = sourcecode.asm.asm; name = "jfdctflt-sse.asm"; path = "libturbojpeg/simd-i386/jfdctflt-sse.asm"; sourceTree = "<group>"; };
		14F0554219EFB95F001BCD41 /* jfdctfst-mmx.asm */ = {isa = PBXFileReference; lastKnownFileType = sourcecode.asm.asm; name = "jfdctfst-mmx.asm"; path = "libturbojpeg/simd-i386/jfdctfst-mmx.asm"; sourceTree = "<group>"; };
		14F0554319EFB95F001BCD41 /* jfdctfst-sse2.asm */ = {isa = PBXFileReference; lastKnownFileType = sourcecode.asm.asm; name = "jfdctfst-sse2.asm"; path = "libturbojpeg/simd-i386/jfdctfst-sse2.asm"; sourceTree = "<group>"; };
		14F0554419EFB95F001BCD41 /* jfdctint-mmx.asm */ = {isa = PBXFileReference; lastKnownFileType = sourcecode.asm.asm; name = "jfdctint-mmx.asm"; path = "libturbojpeg/simd-i386/jfdctint-mmx.asm"; sourceTree = "<group>"; };
		14F0554519EFB95F001BCD41 /* jfdctint-sse2.asm */ = {isa = PBXFileReference; lastKnownFileType = sourcecode.asm.asm; name = "jfdctint-sse2.asm"; path = "libturbojpeg/simd-i386/jfdctint-sse2.asm"; sourceTree = "<group>"; };
		14F0554619EFB95F001BCD41 /* jidctflt-3dn.asm */ = {isa = PBXFileReference; lastKnownFileType = sourcecode.asm.asm; name = "jidctflt-3dn.asm"; path = "libturbojpeg/simd-i386/jidctflt-3dn.asm"; sourceTree = "<group>"; };
		14F0554719EFB95F001BCD41 /* jidctflt-sse.asm */ = {isa = PBXFileReference; lastKnownFileType = sourcecode.asm.asm; name = "jidctflt-sse.asm"; path = "libturbojpeg/simd-i386/jidctflt-sse.asm"; sourceTree = "<group>"; };
		14F0554819EFB95F001BCD41 /* jidctflt-sse2.asm */ = {isa = PBXFileReference; lastKnownFileType = sourcecode.asm.asm; name = "jidctflt-sse2.asm"; path = "libturbojpeg/simd-i386/jidctflt-sse2.asm"; sourceTree = "<group>"; };
		14F0554919EFB95F001BCD41 /* jidctfst-mmx.asm */ = {isa = PBXFileReference; lastKnownFileType = sourcecode.asm.asm; name = "jidctfst-mmx.asm"; path = "libturbojpeg/simd-i386/jidctfst-mmx.asm"; sourceTree = "<group>"; };
		14F0554A19EFB95F001BCD41 /* jidctfst-sse2.asm */ = {isa = PBXFileReference; lastKnownFileType = sourcecode.asm.asm; name = "jidctfst-sse2.asm"; path = "libturbojpeg/simd-i386/jidctfst-sse2.asm"; sourceTree = "<group>"; };
		14F0554B19EFB95F001BCD41 /* jidctint-mmx.asm */ = {isa = PBXFileReference; lastKnownFileType = sourcecode.asm.asm; name = "jidctint-mmx.asm"; path = "libturbojpeg/simd-i386/jidctint-mmx.asm"; sourceTree = "<group>"; };
		14F0554C19EFB95F001BCD41 /* jidctint-sse2.asm */ = {isa = PBXFileReference; lastKnownFileType = sourcecode.asm.asm; name = "jidctint-sse2.asm"; path = "libturbojpeg/simd-i386/jidctint-sse2.asm"; sourceTree = "<group>"; };
		14F0554D19EFB95F001BCD41 /* jidctred-mmx.asm */ = {isa = PBXFileReference; lastKnownFileType = sourcecode.asm.asm; name = "jidctred-mmx.asm"; path = "libturbojpeg/simd-i386/jidctred-mmx.asm"; sourceTree = "<group>"; };
		14F0554E19EFB95F001BCD41 /* jidctred-sse2.asm */ = {isa = PBXFileReference; lastKnownFileType = sourcecode.asm.asm; name = "jidctred-sse2.asm"; path = "libturbojpeg/simd-i386/jidctred-sse2.asm"; sourceTree = "<group>"; };
		14F0554F19EFB95F001BCD41 /* jquant-3dn.asm */ = {isa = PBXFileReference; lastKnownFileType = sourcecode.asm.asm; name = "jquant-3dn.asm"; path = "libturbojpeg/simd-i386/jquant-3dn.asm"; sourceTree = "<group>"; };
		14F0555019EFB95F001BCD41 /* jquant-mmx.asm */ = {isa = PBXFileReference; lastKnownFileType = sourcecode.asm.asm; name = "jquant-mmx.asm"; path = "libturbojpeg/simd-i386/jquant-mmx.asm"; sourceTree = "<group>"; };
		14F0555119EFB95F001BCD41 /* jquant-sse.asm */ = {isa = PBXFileReference; lastKnownFileType = sourcecode.asm.asm; name = "jquant-sse.asm"; path = "libturbojpeg/simd-i386/jquant-sse.asm"; sourceTree = "<group>"; };
		14F0555219EFB95F001BCD41 /* jquantf-sse2.asm */ = {isa = PBXFileReference; lastKnownFileType = sourcecode.asm.asm; name = "jquantf-sse2.asm"; path = "libturbojpeg/simd-i386/jquantf-sse2.asm"; sourceTree = "<group>"; };
		14F0555319EFB95F001BCD41 /* jquanti-sse2.asm */ = {isa = PBXFileReference; lastKnownFileType = sourcecode.asm.asm; name = "jquanti-sse2.asm"; path = "libturbojpeg/simd-i386/jquanti-sse2.asm"; sourceTree = "<group>"; };
		14F0555419EFB95F001BCD41 /* jsimdcpu.asm */ = {isa = PBXFileReference; lastKnownFileType = sourcecode.asm.asm; name = jsimdcpu.asm; path = "libturbojpeg/simd-i386/jsimdcpu.asm"; sourceTree = "<group>"; };
		14F0555519EFB95F001BCD41 /* jsimdext.inc */ = {isa = PBXFileReference; fileEncoding = 4; lastKnownFileType = sourcecode.pascal; name = jsimdext.inc; path = "libturbojpeg/simd-i386/jsimdext.inc"; sourceTree = "<group>"; };
		14F0555819EFB95F001BCD41 /* jsimd_i386.c */ = {isa = PBXFileReference; fileEncoding = 4; lastKnownFileType = sourcecode.c.c; name = jsimd_i386.c; path = "libturbojpeg/simd-i386/jsimd_i386.c"; sourceTree = "<group>"; };
		14F0555A19EFB95F001BCD41 /* jcolsamp.inc */ = {isa = PBXFileReference; fileEncoding = 4; lastKnownFileType = sourcecode.pascal; name = jcolsamp.inc; path = "libturbojpeg/simd-i386/jcolsamp.inc"; sourceTree = "<group>"; };
		14F0555B19F0A0F6001BCD41 /* jsimdcfg.inc.h */ = {isa = PBXFileReference; fileEncoding = 4; lastKnownFileType = sourcecode.c.h; name = jsimdcfg.inc.h; path = "libturbojpeg/simd-i386/jsimdcfg.inc.h"; sourceTree = "<group>"; };
		14F0556019F0C0A7001BCD41 /* jdatadst-tj.c */ = {isa = PBXFileReference; fileEncoding = 4; lastKnownFileType = sourcecode.c.c; name = "jdatadst-tj.c"; path = "libturbojpeg/jdatadst-tj.c"; sourceTree = "<group>"; };
		14F0556119F0C0A7001BCD41 /* jdatasrc-tj.c */ = {isa = PBXFileReference; fileEncoding = 4; lastKnownFileType = sourcecode.c.c; name = "jdatasrc-tj.c"; path = "libturbojpeg/jdatasrc-tj.c"; sourceTree = "<group>"; };
		14F0556619F0C0A7001BCD41 /* tjutil.h */ = {isa = PBXFileReference; fileEncoding = 4; lastKnownFileType = sourcecode.c.h; name = tjutil.h; path = libturbojpeg/tjutil.h; sourceTree = "<group>"; };
		14F0556719F0C0A7001BCD41 /* transupp.c */ = {isa = PBXFileReference; fileEncoding = 4; lastKnownFileType = sourcecode.c.c; name = transupp.c; path = libturbojpeg/transupp.c; sourceTree = "<group>"; };
		14F0556819F0C0A7001BCD41 /* transupp.h */ = {isa = PBXFileReference; fileEncoding = 4; lastKnownFileType = sourcecode.c.h; name = transupp.h; path = libturbojpeg/transupp.h; sourceTree = "<group>"; };
		14F0556919F0C0A7001BCD41 /* turbojpeg.c */ = {isa = PBXFileReference; fileEncoding = 4; lastKnownFileType = sourcecode.c.c; name = turbojpeg.c; path = libturbojpeg/turbojpeg.c; sourceTree = "<group>"; };
		14F0556A19F0C0A7001BCD41 /* turbojpeg.h */ = {isa = PBXFileReference; fileEncoding = 4; lastKnownFileType = sourcecode.c.h; name = turbojpeg.h; path = libturbojpeg/turbojpeg.h; sourceTree = "<group>"; };
		14F0572B19F0EDB8001BCD41 /* jsimd.h */ = {isa = PBXFileReference; fileEncoding = 4; lastKnownFileType = sourcecode.c.h; name = jsimd.h; path = libturbojpeg/jsimd.h; sourceTree = "<group>"; };
		14F0572C19F0EE80001BCD41 /* jsimddct.h */ = {isa = PBXFileReference; fileEncoding = 4; lastKnownFileType = sourcecode.c.h; name = jsimddct.h; path = libturbojpeg/jsimddct.h; sourceTree = "<group>"; };
		427BF6021645BD3700BC3809 /* jchuff.h */ = {isa = PBXFileReference; lastKnownFileType = sourcecode.c.h; name = jchuff.h; path = libjpeg/jchuff.h; sourceTree = "<group>"; };
		427BF6131645BD3700BC3809 /* jdct.h */ = {isa = PBXFileReference; lastKnownFileType = sourcecode.c.h; name = jdct.h; path = libjpeg/jdct.h; sourceTree = "<group>"; };
		427BF6161645BD3700BC3809 /* jdhuff.h */ = {isa = PBXFileReference; lastKnownFileType = sourcecode.c.h; name = jdhuff.h; path = libjpeg/jdhuff.h; sourceTree = "<group>"; };
		427BF6211645BD3700BC3809 /* jerror.h */ = {isa = PBXFileReference; lastKnownFileType = sourcecode.c.h; name = jerror.h; path = libjpeg/jerror.h; sourceTree = "<group>"; };
		427BF6291645BD3700BC3809 /* jinclude.h */ = {isa = PBXFileReference; lastKnownFileType = sourcecode.c.h; name = jinclude.h; path = libjpeg/jinclude.h; sourceTree = "<group>"; };
		427BF62C1645BD3700BC3809 /* jmemsys.h */ = {isa = PBXFileReference; lastKnownFileType = sourcecode.c.h; name = jmemsys.h; path = libjpeg/jmemsys.h; sourceTree = "<group>"; };
		427BF62D1645BD3700BC3809 /* jmorecfg.h */ = {isa = PBXFileReference; lastKnownFileType = sourcecode.c.h; name = jmorecfg.h; path = libjpeg/jmorecfg.h; sourceTree = "<group>"; };
		427BF62E1645BD3700BC3809 /* jpegcomp.h */ = {isa = PBXFileReference; lastKnownFileType = sourcecode.c.h; name = jpegcomp.h; path = libjpeg/jpegcomp.h; sourceTree = "<group>"; };
		427BF62F1645BD3700BC3809 /* jpegint.h */ = {isa = PBXFileReference; lastKnownFileType = sourcecode.c.h; name = jpegint.h; path = libjpeg/jpegint.h; sourceTree = "<group>"; };
		427BF6301645BD3700BC3809 /* jpeglib.h */ = {isa = PBXFileReference; lastKnownFileType = sourcecode.c.h; name = jpeglib.h; path = libjpeg/jpeglib.h; sourceTree = "<group>"; };
		427BF6331645BD3700BC3809 /* jsimd.h */ = {isa = PBXFileReference; lastKnownFileType = sourcecode.c.h; name = jsimd.h; path = libjpeg/jsimd.h; sourceTree = "<group>"; };
		427BF6341645BD3700BC3809 /* jsimddct.h */ = {isa = PBXFileReference; lastKnownFileType = sourcecode.c.h; name = jsimddct.h; path = libjpeg/jsimddct.h; sourceTree = "<group>"; };
		427BF6361645BD3700BC3809 /* jversion.h */ = {isa = PBXFileReference; lastKnownFileType = sourcecode.c.h; name = jversion.h; path = libjpeg/jversion.h; sourceTree = "<group>"; };
		427BF63C1645BD8C00BC3809 /* libjpeg.a */ = {isa = PBXFileReference; explicitFileType = archive.ar; includeInIndex = 0; path = libjpeg.a; sourceTree = BUILT_PRODUCTS_DIR; };
		427BF6781645BE0200BC3809 /* jconfig.h */ = {isa = PBXFileReference; fileEncoding = 4; lastKnownFileType = sourcecode.c.h; name = jconfig.h; path = libjpeg/jconfig.h; sourceTree = "<group>"; };
		427BF6791645BE2E00BC3809 /* config.h */ = {isa = PBXFileReference; fileEncoding = 4; lastKnownFileType = sourcecode.c.h; name = config.h; path = libjpeg/config.h; sourceTree = "<group>"; };
		427BF6811645BF1200BC3809 /* libturbojpeg.a */ = {isa = PBXFileReference; explicitFileType = archive.ar; includeInIndex = 0; path = libturbojpeg.a; sourceTree = BUILT_PRODUCTS_DIR; };
		427BF6931645BF4800BC3809 /* transupp.h */ = {isa = PBXFileReference; fileEncoding = 4; lastKnownFileType = sourcecode.c.h; name = transupp.h; path = libturbojpeg/transupp.h; sourceTree = "<group>"; };
		427BF6951645BF4800BC3809 /* turbojpeg.h */ = {isa = PBXFileReference; fileEncoding = 4; lastKnownFileType = sourcecode.c.h; name = turbojpeg.h; path = libturbojpeg/turbojpeg.h; sourceTree = "<group>"; };
		427BF69C1645BFE000BC3809 /* tjutil.h */ = {isa = PBXFileReference; fileEncoding = 4; lastKnownFileType = sourcecode.c.h; name = tjutil.h; path = libturbojpeg/tjutil.h; sourceTree = "<group>"; };
		427BF6A11645C04700BC3809 /* libsimd-i386.a */ = {isa = PBXFileReference; explicitFileType = archive.ar; includeInIndex = 0; path = "libsimd-i386.a"; sourceTree = BUILT_PRODUCTS_DIR; };
/* End PBXFileReference section */

/* Begin PBXFrameworksBuildPhase section */
		427BF67E1645BF1200BC3809 /* Frameworks */ = {
			isa = PBXFrameworksBuildPhase;
			buildActionMask = 2147483647;
			files = (
				427BF68F1645BF3A00BC3809 /* libjpeg.a in Frameworks */,
				427BF73B1645D62300BC3809 /* libsimd-i386.a in Frameworks */,
			);
			runOnlyForDeploymentPostprocessing = 0;
		};
/* End PBXFrameworksBuildPhase section */

/* Begin PBXGroup section */
		427BF5DD1645B6F400BC3809 = {
			isa = PBXGroup;
			children = (
				427BF5FA1645BD0B00BC3809 /* libturbojpeg */,
				427BF5E91645B6F400BC3809 /* Products */,
			);
			sourceTree = "<group>";
		};
		427BF5E91645B6F400BC3809 /* Products */ = {
			isa = PBXGroup;
			children = (
				427BF63C1645BD8C00BC3809 /* libjpeg.a */,
				427BF6811645BF1200BC3809 /* libturbojpeg.a */,
				427BF6A11645C04700BC3809 /* libsimd-i386.a */,
			);
			name = Products;
			sourceTree = "<group>";
		};
		427BF5F91645BD0000BC3809 /* libjpeg */ = {
			isa = PBXGroup;
			children = (
				14F054BD19EFB432001BCD41 /* jaricom.c */,
				14F054BE19EFB432001BCD41 /* jcapimin.c */,
				14F054BF19EFB432001BCD41 /* jcapistd.c */,
				14F054C019EFB432001BCD41 /* jcarith.c */,
				14F054C119EFB432001BCD41 /* jccoefct.c */,
				14F054C319EFB432001BCD41 /* jccolor.c */,
				14F054C419EFB432001BCD41 /* jcdctmgr.c */,
				14F054C519EFB432001BCD41 /* jchuff.c */,
				14F054C619EFB432001BCD41 /* jcinit.c */,
				14F054C719EFB432001BCD41 /* jcmainct.c */,
				14F054C819EFB432001BCD41 /* jcmarker.c */,
				14F054C919EFB432001BCD41 /* jcmaster.c */,
				14F054CA19EFB432001BCD41 /* jcomapi.c */,
				14F054CB19EFB432001BCD41 /* jcparam.c */,
				14F054CC19EFB432001BCD41 /* jcphuff.c */,
				14F054CD19EFB432001BCD41 /* jcprepct.c */,
				14F054CE19EFB432001BCD41 /* jcsample.c */,
				14F054CF19EFB432001BCD41 /* jctrans.c */,
				14F054D019EFB432001BCD41 /* jdapimin.c */,
				14F054D119EFB432001BCD41 /* jdapistd.c */,
				14F054D219EFB432001BCD41 /* jdarith.c */,
				14F054D319EFB432001BCD41 /* jdatadst.c */,
				14F054D419EFB432001BCD41 /* jdatasrc.c */,
				14F054D519EFB432001BCD41 /* jdcoefct.c */,
				14F054D819EFB432001BCD41 /* jdcolor.c */,
				14F054D919EFB432001BCD41 /* jddctmgr.c */,
				14F054DA19EFB432001BCD41 /* jdhuff.c */,
				14F054DB19EFB432001BCD41 /* jdinput.c */,
				14F054DC19EFB432001BCD41 /* jdmainct.c */,
				14F054DD19EFB432001BCD41 /* jdmarker.c */,
				14F054DE19EFB432001BCD41 /* jdmaster.c */,
				14F054DF19EFB432001BCD41 /* jdmerge.c */,
				14F054E219EFB432001BCD41 /* jdphuff.c */,
				14F054E319EFB432001BCD41 /* jdpostct.c */,
				14F054E419EFB432001BCD41 /* jdsample.c */,
				14F054E519EFB432001BCD41 /* jdtrans.c */,
				14F054E619EFB432001BCD41 /* jerror.c */,
				14F054E719EFB432001BCD41 /* jfdctflt.c */,
				14F054E819EFB432001BCD41 /* jfdctfst.c */,
				14F054E919EFB432001BCD41 /* jfdctint.c */,
				14F054EA19EFB432001BCD41 /* jidctflt.c */,
				14F054EB19EFB432001BCD41 /* jidctfst.c */,
				14F054EC19EFB432001BCD41 /* jidctint.c */,
				14F054ED19EFB432001BCD41 /* jidctred.c */,
				14F054EE19EFB432001BCD41 /* jmemmgr.c */,
				14F054EF19EFB432001BCD41 /* jmemnobs.c */,
				14F054F019EFB432001BCD41 /* jquant1.c */,
				14F054F119EFB432001BCD41 /* jquant2.c */,
				14F054F319EFB432001BCD41 /* jutils.c */,
				427BF6371645BD3C00BC3809 /* header */,
			);
			name = libjpeg;
			sourceTree = "<group>";
		};
		427BF5FA1645BD0B00BC3809 /* libturbojpeg */ = {
			isa = PBXGroup;
			children = (
				14F0556019F0C0A7001BCD41 /* jdatadst-tj.c */,
				14F0556119F0C0A7001BCD41 /* jdatasrc-tj.c */,
				14F0556619F0C0A7001BCD41 /* tjutil.h */,
				14F0556719F0C0A7001BCD41 /* transupp.c */,
				14F0556819F0C0A7001BCD41 /* transupp.h */,
				14F0556919F0C0A7001BCD41 /* turbojpeg.c */,
				14F0556A19F0C0A7001BCD41 /* turbojpeg.h */,
				427BF69A1645BF4C00BC3809 /* headers */,
				427BF5F91645BD0000BC3809 /* libjpeg */,
				427BF5FB1645BD1B00BC3809 /* simd */,
			);
			name = libturbojpeg;
			sourceTree = "<group>";
		};
		427BF5FB1645BD1B00BC3809 /* simd */ = {
			isa = PBXGroup;
			children = (
				14F0572C19F0EE80001BCD41 /* jsimddct.h */,
				14F0572B19F0EDB8001BCD41 /* jsimd.h */,
				14F0555B19F0A0F6001BCD41 /* jsimdcfg.inc.h */,
				427BF6D61645D0DA00BC3809 /* i386 */,
			);
			name = simd;
			sourceTree = "<group>";
		};
		427BF6371645BD3C00BC3809 /* header */ = {
			isa = PBXGroup;
			children = (
				14F054AD19EFB422001BCD41 /* config.h */,
				14F054AE19EFB422001BCD41 /* jchuff.h */,
				14F054AF19EFB422001BCD41 /* jconfig.h */,
				14F054B019EFB422001BCD41 /* jdct.h */,
				14F054B119EFB422001BCD41 /* jdhuff.h */,
				14F054B219EFB422001BCD41 /* jerror.h */,
				14F054B319EFB422001BCD41 /* jinclude.h */,
				14F054B419EFB422001BCD41 /* jmemsys.h */,
				14F054B519EFB422001BCD41 /* jmorecfg.h */,
				14F054B619EFB422001BCD41 /* jpeg_nbits_table.h */,
				14F054B719EFB422001BCD41 /* jpegcomp.h */,
				14F054B819EFB422001BCD41 /* jpegint.h */,
				14F054B919EFB422001BCD41 /* jpeglib.h */,
				14F054BA19EFB422001BCD41 /* jsimd.h */,
				14F054BB19EFB422001BCD41 /* jsimddct.h */,
				14F054BC19EFB422001BCD41 /* jversion.h */,
				427BF6791645BE2E00BC3809 /* config.h */,
				427BF6781645BE0200BC3809 /* jconfig.h */,
				427BF6021645BD3700BC3809 /* jchuff.h */,
				427BF6131645BD3700BC3809 /* jdct.h */,
				427BF6161645BD3700BC3809 /* jdhuff.h */,
				427BF6211645BD3700BC3809 /* jerror.h */,
				427BF6291645BD3700BC3809 /* jinclude.h */,
				427BF62C1645BD3700BC3809 /* jmemsys.h */,
				427BF62D1645BD3700BC3809 /* jmorecfg.h */,
				427BF62E1645BD3700BC3809 /* jpegcomp.h */,
				427BF62F1645BD3700BC3809 /* jpegint.h */,
				427BF6301645BD3700BC3809 /* jpeglib.h */,
				427BF6331645BD3700BC3809 /* jsimd.h */,
				427BF6341645BD3700BC3809 /* jsimddct.h */,
				427BF6361645BD3700BC3809 /* jversion.h */,
			);
			name = header;
			sourceTree = "<group>";
		};
		427BF69A1645BF4C00BC3809 /* headers */ = {
			isa = PBXGroup;
			children = (
				427BF6931645BF4800BC3809 /* transupp.h */,
				427BF6951645BF4800BC3809 /* turbojpeg.h */,
				427BF69C1645BFE000BC3809 /* tjutil.h */,
			);
			name = headers;
			sourceTree = "<group>";
		};
		427BF6D61645D0DA00BC3809 /* i386 */ = {
			isa = PBXGroup;
			children = (
				14F0552B19EFB95F001BCD41 /* jccolext-mmx.asm */,
				14F0552C19EFB95F001BCD41 /* jccolext-sse2.asm */,
				14F0552D19EFB95F001BCD41 /* jccolor-mmx.asm */,
				14F0552E19EFB95F001BCD41 /* jccolor-sse2.asm */,
				14F0552F19EFB95F001BCD41 /* jcgray-mmx.asm */,
				14F0553019EFB95F001BCD41 /* jcgray-sse2.asm */,
				14F0553119EFB95F001BCD41 /* jcgryext-mmx.asm */,
				14F0553219EFB95F001BCD41 /* jcgryext-sse2.asm */,
				14F0553319EFB95F001BCD41 /* jcsample-mmx.asm */,
				14F0553419EFB95F001BCD41 /* jcsample-sse2.asm */,
				14F0553519EFB95F001BCD41 /* jdcolext-mmx.asm */,
				14F0553619EFB95F001BCD41 /* jdcolext-sse2.asm */,
				14F0553719EFB95F001BCD41 /* jdcolor-mmx.asm */,
				14F0553819EFB95F001BCD41 /* jdcolor-sse2.asm */,
				14F0553919EFB95F001BCD41 /* jdct.inc */,
				14F0553A19EFB95F001BCD41 /* jdmerge-mmx.asm */,
				14F0553B19EFB95F001BCD41 /* jdmerge-sse2.asm */,
				14F0553C19EFB95F001BCD41 /* jdmrgext-mmx.asm */,
				14F0553D19EFB95F001BCD41 /* jdmrgext-sse2.asm */,
				14F0553E19EFB95F001BCD41 /* jdsample-mmx.asm */,
				14F0553F19EFB95F001BCD41 /* jdsample-sse2.asm */,
				14F0554019EFB95F001BCD41 /* jfdctflt-3dn.asm */,
				14F0554119EFB95F001BCD41 /* jfdctflt-sse.asm */,
				14F0554219EFB95F001BCD41 /* jfdctfst-mmx.asm */,
				14F0554319EFB95F001BCD41 /* jfdctfst-sse2.asm */,
				14F0554419EFB95F001BCD41 /* jfdctint-mmx.asm */,
				14F0554519EFB95F001BCD41 /* jfdctint-sse2.asm */,
				14F0554619EFB95F001BCD41 /* jidctflt-3dn.asm */,
				14F0554719EFB95F001BCD41 /* jidctflt-sse.asm */,
				14F0554819EFB95F001BCD41 /* jidctflt-sse2.asm */,
				14F0554919EFB95F001BCD41 /* jidctfst-mmx.asm */,
				14F0554A19EFB95F001BCD41 /* jidctfst-sse2.asm */,
				14F0554B19EFB95F001BCD41 /* jidctint-mmx.asm */,
				14F0554C19EFB95F001BCD41 /* jidctint-sse2.asm */,
				14F0554D19EFB95F001BCD41 /* jidctred-mmx.asm */,
				14F0554E19EFB95F001BCD41 /* jidctred-sse2.asm */,
				14F0554F19EFB95F001BCD41 /* jquant-3dn.asm */,
				14F0555019EFB95F001BCD41 /* jquant-mmx.asm */,
				14F0555119EFB95F001BCD41 /* jquant-sse.asm */,
				14F0555219EFB95F001BCD41 /* jquantf-sse2.asm */,
				14F0555319EFB95F001BCD41 /* jquanti-sse2.asm */,
				14F0555419EFB95F001BCD41 /* jsimdcpu.asm */,
				14F0555519EFB95F001BCD41 /* jsimdext.inc */,
				14F0555819EFB95F001BCD41 /* jsimd_i386.c */,
				14F0555A19EFB95F001BCD41 /* jcolsamp.inc */,
			);
			name = i386;
			sourceTree = "<group>";
		};
/* End PBXGroup section */

/* Begin PBXNativeTarget section */
		427BF63B1645BD8C00BC3809 /* jpeg */ = {
			isa = PBXNativeTarget;
			buildConfigurationList = 427BF6471645BD8C00BC3809 /* Build configuration list for PBXNativeTarget "jpeg" */;
			buildPhases = (
				427BF6381645BD8C00BC3809 /* Sources */,
			);
			buildRules = (
			);
			dependencies = (
			);
			name = jpeg;
			productName = libjpeg;
			productReference = 427BF63C1645BD8C00BC3809 /* libjpeg.a */;
			productType = "com.apple.product-type.library.static";
		};
		427BF6801645BF1200BC3809 /* turbojpeg */ = {
			isa = PBXNativeTarget;
			buildConfigurationList = 427BF68A1645BF1200BC3809 /* Build configuration list for PBXNativeTarget "turbojpeg" */;
			buildPhases = (
				427BF67D1645BF1200BC3809 /* Sources */,
				427BF67E1645BF1200BC3809 /* Frameworks */,
				427BF7571645DF4700BC3809 /* ShellScript */,
			);
			buildRules = (
			);
			dependencies = (
				427BF73A1645D62000BC3809 /* PBXTargetDependency */,
				427BF68E1645BF3600BC3809 /* PBXTargetDependency */,
			);
			name = turbojpeg;
			productName = libturbojpeg;
			productReference = 427BF6811645BF1200BC3809 /* libturbojpeg.a */;
			productType = "com.apple.product-type.library.static";
		};
		427BF6A01645C04700BC3809 /* simd-i386 */ = {
			isa = PBXNativeTarget;
			buildConfigurationList = 427BF6AA1645C04700BC3809 /* Build configuration list for PBXNativeTarget "simd-i386" */;
			buildPhases = (
				420375E416469FCE00899EA2 /* ShellScript */,
			);
			buildRules = (
			);
			dependencies = (
			);
			name = "simd-i386";
			productName = "simd-i386";
			productReference = 427BF6A11645C04700BC3809 /* libsimd-i386.a */;
			productType = "com.apple.product-type.library.static";
		};
/* End PBXNativeTarget section */

/* Begin PBXProject section */
		427BF5DF1645B6F400BC3809 /* Project object */ = {
			isa = PBXProject;
			attributes = {
				LastUpgradeCheck = 0600;
				ORGANIZATIONNAME = "Johannes Schriewer";
			};
			buildConfigurationList = 427BF5E21645B6F400BC3809 /* Build configuration list for PBXProject "libjpeg-turbo-simulator" */;
			compatibilityVersion = "Xcode 3.2";
			developmentRegion = English;
			hasScannedForEncodings = 0;
			knownRegions = (
				en,
			);
			mainGroup = 427BF5DD1645B6F400BC3809;
			productRefGroup = 427BF5E91645B6F400BC3809 /* Products */;
			projectDirPath = "";
			projectRoot = "";
			targets = (
				427BF63B1645BD8C00BC3809 /* jpeg */,
				427BF6801645BF1200BC3809 /* turbojpeg */,
				427BF6A01645C04700BC3809 /* simd-i386 */,
			);
		};
/* End PBXProject section */

/* Begin PBXShellScriptBuildPhase section */
		420375E416469FCE00899EA2 /* ShellScript */ = {
			isa = PBXShellScriptBuildPhase;
			buildActionMask = 2147483647;
			files = (
			);
			inputPaths = (
				"$(SRCROOT)/libturbojpeg/simd-i386/build/libsimd-i386.a",
			);
			outputPaths = (
				"$(TARGET_BUILD_DIR)/libsimd-i386.a",
			);
			runOnlyForDeploymentPostprocessing = 0;
			shellPath = /bin/bash;
			shellScript = "cd \"$SRCROOT/libturbojpeg/simd-i386\"\nmake clean\nmake\n\nmkdir -p \"$(dirname \"$SCRIPT_INPUT_FILE_0\")/lib\"\ncp \"$SCRIPT_INPUT_FILE_0\" \"$SCRIPT_OUTPUT_FILE_0\"";
			showEnvVarsInLog = 0;
		};
		427BF7571645DF4700BC3809 /* ShellScript */ = {
			isa = PBXShellScriptBuildPhase;
			buildActionMask = 12;
			files = (
			);
			inputPaths = (
				"$(TARGET_BUILD_DIR)/libturbojpeg.a",
			);
			outputPaths = (
				"$(SRCROOT)/lib/libturbojpeg-simulator.a",
			);
			runOnlyForDeploymentPostprocessing = 0;
			shellPath = /bin/sh;
			shellScript = "mkdir -p \"$(dirname \"$SCRIPT_INPUT_FILE_0\")/lib\"\ncp \"$SCRIPT_INPUT_FILE_0\" \"$SCRIPT_OUTPUT_FILE_0\"";
			showEnvVarsInLog = 0;
		};
/* End PBXShellScriptBuildPhase section */

/* Begin PBXSourcesBuildPhase section */
		427BF6381645BD8C00BC3809 /* Sources */ = {
			isa = PBXSourcesBuildPhase;
			buildActionMask = 2147483647;
			files = (
				14F054FA19EFB432001BCD41 /* jccolor.c in Sources */,
				14F054F519EFB432001BCD41 /* jcapimin.c in Sources */,
				14F0551A19EFB432001BCD41 /* jdpostct.c in Sources */,
				14F0550719EFB432001BCD41 /* jdapimin.c in Sources */,
				14F0550B19EFB432001BCD41 /* jdatasrc.c in Sources */,
				14F054FE19EFB432001BCD41 /* jcmainct.c in Sources */,
				14F0551D19EFB432001BCD41 /* jerror.c in Sources */,
				14F0550019EFB432001BCD41 /* jcmaster.c in Sources */,
				14F0550819EFB432001BCD41 /* jdapistd.c in Sources */,
				14F0551919EFB432001BCD41 /* jdphuff.c in Sources */,
				14F0552119EFB432001BCD41 /* jidctflt.c in Sources */,
				14F0550519EFB432001BCD41 /* jcsample.c in Sources */,
				14F0552719EFB432001BCD41 /* jquant1.c in Sources */,
				14F0551619EFB432001BCD41 /* jdmerge.c in Sources */,
				14F0551019EFB432001BCD41 /* jddctmgr.c in Sources */,
				14F0552019EFB432001BCD41 /* jfdctint.c in Sources */,
				14F0550119EFB432001BCD41 /* jcomapi.c in Sources */,
				14F0551519EFB432001BCD41 /* jdmaster.c in Sources */,
				14F0550219EFB432001BCD41 /* jcparam.c in Sources */,
				14F0551E19EFB432001BCD41 /* jfdctflt.c in Sources */,
				14F054FF19EFB432001BCD41 /* jcmarker.c in Sources */,
				14F0552619EFB432001BCD41 /* jmemnobs.c in Sources */,
				14F0552419EFB432001BCD41 /* jidctred.c in Sources */,
				14F0551F19EFB432001BCD41 /* jfdctfst.c in Sources */,
				14F0550919EFB432001BCD41 /* jdarith.c in Sources */,
				14F0552219EFB432001BCD41 /* jidctfst.c in Sources */,
				14F0550A19EFB432001BCD41 /* jdatadst.c in Sources */,
				14F0550319EFB432001BCD41 /* jcphuff.c in Sources */,
				14F0550C19EFB432001BCD41 /* jdcoefct.c in Sources */,
				14F054F819EFB432001BCD41 /* jccoefct.c in Sources */,
				14F054FD19EFB432001BCD41 /* jcinit.c in Sources */,
				14F0552A19EFB432001BCD41 /* jutils.c in Sources */,
				14F054F719EFB432001BCD41 /* jcarith.c in Sources */,
				14F0552819EFB432001BCD41 /* jquant2.c in Sources */,
				14F0551219EFB432001BCD41 /* jdinput.c in Sources */,
				14F0551B19EFB432001BCD41 /* jdsample.c in Sources */,
				14F0550619EFB432001BCD41 /* jctrans.c in Sources */,
				14F0550419EFB432001BCD41 /* jcprepct.c in Sources */,
				14F0552519EFB432001BCD41 /* jmemmgr.c in Sources */,
				14F0551419EFB432001BCD41 /* jdmarker.c in Sources */,
				14F054F419EFB432001BCD41 /* jaricom.c in Sources */,
				14F0551319EFB432001BCD41 /* jdmainct.c in Sources */,
				14F0550F19EFB432001BCD41 /* jdcolor.c in Sources */,
				14F0551119EFB432001BCD41 /* jdhuff.c in Sources */,
				14F0552319EFB432001BCD41 /* jidctint.c in Sources */,
				14F0551C19EFB432001BCD41 /* jdtrans.c in Sources */,
				14F054F619EFB432001BCD41 /* jcapistd.c in Sources */,
				14F054FB19EFB432001BCD41 /* jcdctmgr.c in Sources */,
				14F054FC19EFB432001BCD41 /* jchuff.c in Sources */,
			);
			runOnlyForDeploymentPostprocessing = 0;
		};
		427BF67D1645BF1200BC3809 /* Sources */ = {
			isa = PBXSourcesBuildPhase;
			buildActionMask = 2147483647;
			files = (
				14F0556E19F0C0A7001BCD41 /* transupp.c in Sources */,
				14F0556B19F0C0A7001BCD41 /* jdatadst-tj.c in Sources */,
				14F0556C19F0C0A7001BCD41 /* jdatasrc-tj.c in Sources */,
				14F0556F19F0C0A7001BCD41 /* turbojpeg.c in Sources */,
			);
			runOnlyForDeploymentPostprocessing = 0;
		};
/* End PBXSourcesBuildPhase section */

/* Begin PBXTargetDependency section */
		427BF68E1645BF3600BC3809 /* PBXTargetDependency */ = {
			isa = PBXTargetDependency;
			target = 427BF63B1645BD8C00BC3809 /* jpeg */;
			targetProxy = 427BF68D1645BF3600BC3809 /* PBXContainerItemProxy */;
		};
		427BF73A1645D62000BC3809 /* PBXTargetDependency */ = {
			isa = PBXTargetDependency;
			target = 427BF6A01645C04700BC3809 /* simd-i386 */;
			targetProxy = 427BF7391645D62000BC3809 /* PBXContainerItemProxy */;
		};
/* End PBXTargetDependency section */

/* Begin XCBuildConfiguration section */
		427BF5F41645B6F400BC3809 /* Debug */ = {
			isa = XCBuildConfiguration;
			buildSettings = {
				ALWAYS_SEARCH_USER_PATHS = NO;
				CLANG_CXX_LANGUAGE_STANDARD = "gnu++0x";
				CLANG_CXX_LIBRARY = "libc++";
				CLANG_WARN_EMPTY_BODY = YES;
				CLANG_WARN__DUPLICATE_METHOD_MATCH = YES;
				COPY_PHASE_STRIP = NO;
				GCC_C_LANGUAGE_STANDARD = gnu99;
				GCC_DYNAMIC_NO_PIC = NO;
				GCC_OPTIMIZATION_LEVEL = 0;
				GCC_PREPROCESSOR_DEFINITIONS = (
					"DEBUG=1",
					"$(inherited)",
				);
				GCC_SYMBOLS_PRIVATE_EXTERN = NO;
				GCC_WARN_ABOUT_RETURN_TYPE = YES;
				GCC_WARN_UNINITIALIZED_AUTOS = YES;
				GCC_WARN_UNUSED_VARIABLE = YES;
				IPHONEOS_DEPLOYMENT_TARGET = 8.0;
				ONLY_ACTIVE_ARCH = NO;
				SDKROOT = iphoneos;
				VALID_ARCHS = i386;
			};
			name = Debug;
		};
		427BF5F51645B6F400BC3809 /* Release */ = {
			isa = XCBuildConfiguration;
			buildSettings = {
				ALWAYS_SEARCH_USER_PATHS = NO;
				CLANG_CXX_LANGUAGE_STANDARD = "gnu++0x";
				CLANG_CXX_LIBRARY = "libc++";
				CLANG_WARN_EMPTY_BODY = YES;
				CLANG_WARN__DUPLICATE_METHOD_MATCH = YES;
				COPY_PHASE_STRIP = YES;
				GCC_C_LANGUAGE_STANDARD = gnu99;
				GCC_WARN_ABOUT_RETURN_TYPE = YES;
				GCC_WARN_UNINITIALIZED_AUTOS = YES;
				GCC_WARN_UNUSED_VARIABLE = YES;
				IPHONEOS_DEPLOYMENT_TARGET = 8.0;
				ONLY_ACTIVE_ARCH = NO;
				SDKROOT = iphoneos;
				VALIDATE_PRODUCT = YES;
				VALID_ARCHS = i386;
			};
			name = Release;
		};
		427BF6481645BD8C00BC3809 /* Debug */ = {
			isa = XCBuildConfiguration;
			buildSettings = {
				DSTROOT = /tmp/libjpeg.dst;
				GCC_PRECOMPILE_PREFIX_HEADER = NO;
				GCC_PREFIX_HEADER = "";
				ONLY_ACTIVE_ARCH = NO;
				OTHER_LDFLAGS = "";
				PRODUCT_NAME = "$(TARGET_NAME)";
				SKIP_INSTALL = YES;
				VALID_ARCHS = i386;
			};
			name = Debug;
		};
		427BF6491645BD8C00BC3809 /* Release */ = {
			isa = XCBuildConfiguration;
			buildSettings = {
				DSTROOT = /tmp/libjpeg.dst;
				GCC_PRECOMPILE_PREFIX_HEADER = NO;
				GCC_PREFIX_HEADER = "";
				ONLY_ACTIVE_ARCH = NO;
				OTHER_LDFLAGS = "";
				PRODUCT_NAME = "$(TARGET_NAME)";
				SKIP_INSTALL = YES;
				VALID_ARCHS = i386;
			};
			name = Release;
		};
		427BF68B1645BF1200BC3809 /* Debug */ = {
			isa = XCBuildConfiguration;
			buildSettings = {
				DSTROOT = /tmp/libturbojpeg.dst;
				HEADER_SEARCH_PATHS = (
					"\"$(SRCROOT)/libturbojpeg\"",
					"\"$(SRCROOT)/libjpeg\"",
				);
				ONLY_ACTIVE_ARCH = NO;
				OTHER_LDFLAGS = "";
				PRODUCT_NAME = "$(TARGET_NAME)";
				SKIP_INSTALL = YES;
				VALID_ARCHS = i386;
			};
			name = Debug;
		};
		427BF68C1645BF1200BC3809 /* Release */ = {
			isa = XCBuildConfiguration;
			buildSettings = {
				DSTROOT = /tmp/libturbojpeg.dst;
				HEADER_SEARCH_PATHS = (
					"\"$(SRCROOT)/libturbojpeg\"",
					"\"$(SRCROOT)/libjpeg\"",
				);
				ONLY_ACTIVE_ARCH = NO;
				OTHER_LDFLAGS = "";
				PRODUCT_NAME = "$(TARGET_NAME)";
				SKIP_INSTALL = YES;
				VALID_ARCHS = i386;
			};
			name = Release;
		};
		427BF6AB1645C04700BC3809 /* Debug */ = {
			isa = XCBuildConfiguration;
			buildSettings = {
				ARCHS = "$(ARCHS_STANDARD)";
				CFLAGS = "-no-integrated-as";
				DSTROOT = /tmp/simd_i386.dst;
				GCC_PRECOMPILE_PREFIX_HEADER = NO;
				GCC_VERSION = com.apple.compilers.llvm.clang.1_0;
				GCC_WARN_UNINITIALIZED_AUTOS = NO;
				ONLY_ACTIVE_ARCH = NO;
				OTHER_LDFLAGS = "";
				PRODUCT_NAME = "$(TARGET_NAME)";
				SDKROOT = iphoneos;
				SKIP_INSTALL = YES;
				SUPPORTED_PLATFORMS = "iphonesimulator iphoneos";
				VALID_ARCHS = i386;
			};
			name = Debug;
		};
		427BF6AC1645C04700BC3809 /* Release */ = {
			isa = XCBuildConfiguration;
			buildSettings = {
				ARCHS = "$(ARCHS_STANDARD)";
				CFLAGS = "-no-integrated-as";
				DSTROOT = /tmp/simd_i386.dst;
				GCC_PRECOMPILE_PREFIX_HEADER = NO;
				GCC_VERSION = com.apple.compilers.llvm.clang.1_0;
				GCC_WARN_UNINITIALIZED_AUTOS = NO;
				ONLY_ACTIVE_ARCH = NO;
				OTHER_LDFLAGS = "";
				PRODUCT_NAME = "$(TARGET_NAME)";
				SDKROOT = iphoneos;
				SKIP_INSTALL = YES;
				SUPPORTED_PLATFORMS = "iphonesimulator iphoneos";
				VALID_ARCHS = i386;
			};
			name = Release;
		};
/* End XCBuildConfiguration section */

/* Begin XCConfigurationList section */
		427BF5E21645B6F400BC3809 /* Build configuration list for PBXProject "libjpeg-turbo-simulator" */ = {
			isa = XCConfigurationList;
			buildConfigurations = (
				427BF5F41645B6F400BC3809 /* Debug */,
				427BF5F51645B6F400BC3809 /* Release */,
			);
			defaultConfigurationIsVisible = 0;
			defaultConfigurationName = Release;
		};
		427BF6471645BD8C00BC3809 /* Build configuration list for PBXNativeTarget "jpeg" */ = {
			isa = XCConfigurationList;
			buildConfigurations = (
				427BF6481645BD8C00BC3809 /* Debug */,
				427BF6491645BD8C00BC3809 /* Release */,
			);
			defaultConfigurationIsVisible = 0;
			defaultConfigurationName = Release;
		};
		427BF68A1645BF1200BC3809 /* Build configuration list for PBXNativeTarget "turbojpeg" */ = {
			isa = XCConfigurationList;
			buildConfigurations = (
				427BF68B1645BF1200BC3809 /* Debug */,
				427BF68C1645BF1200BC3809 /* Release */,
			);
			defaultConfigurationIsVisible = 0;
			defaultConfigurationName = Release;
		};
		427BF6AA1645C04700BC3809 /* Build configuration list for PBXNativeTarget "simd-i386" */ = {
			isa = XCConfigurationList;
			buildConfigurations = (
				427BF6AB1645C04700BC3809 /* Debug */,
				427BF6AC1645C04700BC3809 /* Release */,
			);
			defaultConfigurationIsVisible = 0;
			defaultConfigurationName = Release;
		};
/* End XCConfigurationList section */
	};
	rootObject = 427BF5DF1645B6F400BC3809 /* Project object */;
}
